{
  "lockFileVersion": 13,
  "registryFileHashes": {
    "https://bcr.bazel.build/bazel_registry.json": "8a28e4aff06ee60aed2a8c281907fb8bcbf3b753c91fb5a5c57da3215d5b3497",
    "https://bcr.bazel.build/modules/apple_support/1.17.1/MODULE.bazel": "655c922ab1209978a94ef6ca7d9d43e940cd97d9c172fb55f94d91ac53f8610b",
    "https://bcr.bazel.build/modules/apple_support/1.17.1/source.json": "6b2b8c74d14e8d485528a938e44bdb72a5ba17632b9e14ef6e68a5ee96c8347f",
    "https://bcr.bazel.build/modules/apple_support/1.5.0/MODULE.bazel": "50341a62efbc483e8a2a6aec30994a58749bd7b885e18dd96aa8c33031e558ef",
    "https://bcr.bazel.build/modules/aspect_bazel_lib/2.13.0/MODULE.bazel": "af4a546cb88c618f2e241721d2d76b70b7ecfaa1d58fe27b9187d3edb9e418da",
    "https://bcr.bazel.build/modules/aspect_bazel_lib/2.13.0/source.json": "5538ef77a1ecff41c119e040d4bc0148c83e9e79464a165ec86a1aa3171a5535",
    "https://bcr.bazel.build/modules/aspect_rules_js/2.1.3/MODULE.bazel": "47cc48eec374d69dced3cf9b9e5926beac2f927441acfb1a3568bbb709b25666",
    "https://bcr.bazel.build/modules/aspect_rules_js/2.1.3/source.json": "6b0fe67780c101430be087381b7a79d75eeebe1a1eae6a2cee937713603634ac",
    "https://bcr.bazel.build/modules/bazel_features/1.1.1/MODULE.bazel": "27b8c79ef57efe08efccbd9dd6ef70d61b4798320b8d3c134fd571f78963dbcd",
    "https://bcr.bazel.build/modules/bazel_features/1.10.0/MODULE.bazel": "f75e8807570484a99be90abcd52b5e1f390362c258bcb73106f4544957a48101",
    "https://bcr.bazel.build/modules/bazel_features/1.11.0/MODULE.bazel": "f9382337dd5a474c3b7d334c2f83e50b6eaedc284253334cf823044a26de03e8",
    "https://bcr.bazel.build/modules/bazel_features/1.15.0/MODULE.bazel": "d38ff6e517149dc509406aca0db3ad1efdd890a85e049585b7234d04238e2a4d",
    "https://bcr.bazel.build/modules/bazel_features/1.17.0/MODULE.bazel": "039de32d21b816b47bd42c778e0454217e9c9caac4a3cf8e15c7231ee3ddee4d",
    "https://bcr.bazel.build/modules/bazel_features/1.18.0/MODULE.bazel": "1be0ae2557ab3a72a57aeb31b29be347bcdc5d2b1eb1e70f39e3851a7e97041a",
    "https://bcr.bazel.build/modules/bazel_features/1.19.0/MODULE.bazel": "59adcdf28230d220f0067b1f435b8537dd033bfff8db21335ef9217919c7fb58",
    "https://bcr.bazel.build/modules/bazel_features/1.21.0/MODULE.bazel": "675642261665d8eea09989aa3b8afb5c37627f1be178382c320d1b46afba5e3b",
    "https://bcr.bazel.build/modules/bazel_features/1.37.0/MODULE.bazel": "bd8f7e20ce3125d3507eb24e672f8db0b7da203572705fc8df6160a927bd8ff4",
    "https://bcr.bazel.build/modules/bazel_features/1.37.0/source.json": "b90ae265a662942485cdc153d5adbad8696666092c31ecba3ea12923a739bceb",
    "https://bcr.bazel.build/modules/bazel_features/1.4.1/MODULE.bazel": "e45b6bb2350aff3e442ae1111c555e27eac1d915e77775f6fdc4b351b758b5d7",
    "https://bcr.bazel.build/modules/bazel_features/1.9.0/MODULE.bazel": "885151d58d90d8d9c811eb75e3288c11f850e1d6b481a8c9f766adee4712358b",
    "https://bcr.bazel.build/modules/bazel_skylib/1.7.1/MODULE.bazel": "3120d80c5861aa616222ec015332e5f8d3171e062e3e804a2a0253e1be26e59b",
    "https://bcr.bazel.build/modules/bazel_skylib/1.7.1/source.json": "f121b43eeefc7c29efbd51b83d08631e2347297c95aac9764a701f2a6a2bb953",
    "https://bcr.bazel.build/modules/buildifier_prebuilt/6.4.0/MODULE.bazel": "37389c6b5a40c59410b4226d3bb54b08637f393d66e2fa57925c6fcf68e64bf4",
    "https://bcr.bazel.build/modules/buildifier_prebuilt/6.4.0/source.json": "83eb01b197ed0b392f797860c9da5ed1bf95f4d0ded994d694a3d44731275916",
    "https://bcr.bazel.build/modules/buildozer/7.1.2/MODULE.bazel": "2e8dd40ede9c454042645fd8d8d0cd1527966aa5c919de86661e62953cd73d84",
    "https://bcr.bazel.build/modules/buildozer/7.1.2/source.json": "c9028a501d2db85793a6996205c8de120944f50a0d570438fcae0457a5f9d1f8",
    "https://bcr.bazel.build/modules/googletest/1.11.0/MODULE.bazel": "3a83f095183f66345ca86aa13c58b59f9f94a2f81999c093d4eeaa2d262d12f4",
    "https://bcr.bazel.build/modules/jsoncpp/1.9.5/MODULE.bazel": "31271aedc59e815656f5736f282bb7509a97c7ecb43e927ac1a37966e0578075",
    "https://bcr.bazel.build/modules/jsoncpp/1.9.5/source.json": "4108ee5085dd2885a341c7fab149429db457b3169b86eb081fa245eadf69169d",
    "https://bcr.bazel.build/modules/platforms/0.0.9/MODULE.bazel": "4a87a60c927b56ddd67db50c89acaa62f4ce2a1d2149ccb63ffd871d5ce29ebc",
    "https://bcr.bazel.build/modules/platforms/0.0.9/source.json": "cd74d854bf16a9e002fb2ca7b1a421f4403cda29f824a765acd3a8c56f8d43e6",
    "https://bcr.bazel.build/modules/protobuf/21.7/MODULE.bazel": "a5a29bb89544f9b97edce05642fac225a808b5b7be74038ea3640fae2f8e66a7",
    "https://bcr.bazel.build/modules/protobuf/27.0/MODULE.bazel": "7873b60be88844a0a1d8f80b9d5d20cfbd8495a689b8763e76c6372998d3f64c",
    "https://bcr.bazel.build/modules/protobuf/27.1/MODULE.bazel": "703a7b614728bb06647f965264967a8ef1c39e09e8f167b3ca0bb1fd80449c0d",
    "https://bcr.bazel.build/modules/protobuf/29.0-rc2/MODULE.bazel": "6241d35983510143049943fc0d57937937122baf1b287862f9dc8590fc4c37df",
    "https://bcr.bazel.build/modules/protobuf/29.0-rc3/MODULE.bazel": "33c2dfa286578573afc55a7acaea3cada4122b9631007c594bf0729f41c8de92",
    "https://bcr.bazel.build/modules/protobuf/29.0-rc3/source.json": "c16a6488fb279ef578da7098e605082d72ed85fc8d843eaae81e7d27d0f4625d",
    "https://bcr.bazel.build/modules/protobuf/3.19.0/MODULE.bazel": "6b5fbb433f760a99a22b18b6850ed5784ef0e9928a72668b66e4d7ccd47db9b0",
    "https://bcr.bazel.build/modules/protobuf/3.19.6/MODULE.bazel": "9233edc5e1f2ee276a60de3eaa47ac4132302ef9643238f23128fea53ea12858",
    "https://bcr.bazel.build/modules/rules_android/0.1.1/MODULE.bazel": "48809ab0091b07ad0182defb787c4c5328bd3a278938415c00a7b69b50c4d3a8",
    "https://bcr.bazel.build/modules/rules_android/0.1.1/source.json": "e6986b41626ee10bdc864937ffb6d6bf275bb5b9c65120e6137d56e6331f089e",
    "https://bcr.bazel.build/modules/rules_cc/0.0.1/MODULE.bazel": "cb2aa0747f84c6c3a78dad4e2049c154f08ab9d166b1273835a8174940365647",
    "https://bcr.bazel.build/modules/rules_cc/0.0.10/MODULE.bazel": "ec1705118f7eaedd6e118508d3d26deba2a4e76476ada7e0e3965211be012002",
    "https://bcr.bazel.build/modules/rules_cc/0.0.13/MODULE.bazel": "0e8529ed7b323dad0775ff924d2ae5af7640b23553dfcd4d34344c7e7a867191",
    "https://bcr.bazel.build/modules/rules_cc/0.0.15/MODULE.bazel": "6704c35f7b4a72502ee81f61bf88706b54f06b3cbe5558ac17e2e14666cd5dcc",
    "https://bcr.bazel.build/modules/rules_cc/0.0.16/MODULE.bazel": "7661303b8fc1b4d7f532e54e9d6565771fea666fbdf839e0a86affcd02defe87",
    "https://bcr.bazel.build/modules/rules_cc/0.0.16/source.json": "227e83737046aa4f50015da48e98e0d8ab42fd0ec74d8d653b6cc9f9a357f200",
    "https://bcr.bazel.build/modules/rules_cc/0.0.2/MODULE.bazel": "6915987c90970493ab97393024c156ea8fb9f3bea953b2f3ec05c34f19b5695c",
    "https://bcr.bazel.build/modules/rules_cc/0.0.8/MODULE.bazel": "964c85c82cfeb6f3855e6a07054fdb159aced38e99a5eecf7bce9d53990afa3e",
    "https://bcr.bazel.build/modules/rules_cc/0.0.9/MODULE.bazel": "836e76439f354b89afe6a911a7adf59a6b2518fafb174483ad78a2a2fde7b1c5",
    "https://bcr.bazel.build/modules/rules_fuzzing/0.5.2/MODULE.bazel": "40c97d1144356f52905566c55811f13b299453a14ac7769dfba2ac38192337a8",
    "https://bcr.bazel.build/modules/rules_fuzzing/0.5.2/source.json": "c8b1e2c717646f1702290959a3302a178fb639d987ab61d548105019f11e527e",
    "https://bcr.bazel.build/modules/rules_java/4.0.0/MODULE.bazel": "5a78a7ae82cd1a33cef56dc578c7d2a46ed0dca12643ee45edbb8417899e6f74",
    "https://bcr.bazel.build/modules/rules_java/5.3.5/MODULE.bazel": "a4ec4f2db570171e3e5eb753276ee4b389bae16b96207e9d3230895c99644b86",
    "https://bcr.bazel.build/modules/rules_java/6.3.0/MODULE.bazel": "a97c7678c19f236a956ad260d59c86e10a463badb7eb2eda787490f4c969b963",
    "https://bcr.bazel.build/modules/rules_java/6.5.2/MODULE.bazel": "1d440d262d0e08453fa0c4d8f699ba81609ed0e9a9a0f02cd10b3e7942e61e31",
    "https://bcr.bazel.build/modules/rules_java/7.10.0/MODULE.bazel": "530c3beb3067e870561739f1144329a21c851ff771cd752a49e06e3dc9c2e71a",
    "https://bcr.bazel.build/modules/rules_java/7.12.2/MODULE.bazel": "579c505165ee757a4280ef83cda0150eea193eed3bef50b1004ba88b99da6de6",
    "https://bcr.bazel.build/modules/rules_java/7.2.0/MODULE.bazel": "06c0334c9be61e6cef2c8c84a7800cef502063269a5af25ceb100b192453d4ab",
    "https://bcr.bazel.build/modules/rules_java/7.6.1/MODULE.bazel": "2f14b7e8a1aa2f67ae92bc69d1ec0fa8d9f827c4e17ff5e5f02e91caa3b2d0fe",
    "https://bcr.bazel.build/modules/rules_java/7.6.5/MODULE.bazel": "481164be5e02e4cab6e77a36927683263be56b7e36fef918b458d7a8a1ebadb1",
    "https://bcr.bazel.build/modules/rules_java/8.3.2/MODULE.bazel": "7336d5511ad5af0b8615fdc7477535a2e4e723a357b6713af439fe8cf0195017",
    "https://bcr.bazel.build/modules/rules_java/8.5.1/MODULE.bazel": "d8a9e38cc5228881f7055a6079f6f7821a073df3744d441978e7a43e20226939",
    "https://bcr.bazel.build/modules/rules_java/8.5.1/source.json": "db1a77d81b059e0f84985db67a22f3f579a529a86b7997605be3d214a0abe38e",
    "https://bcr.bazel.build/modules/rules_jvm_external/4.4.2/MODULE.bazel": "a56b85e418c83eb1839819f0b515c431010160383306d13ec21959ac412d2fe7",
    "https://bcr.bazel.build/modules/rules_jvm_external/5.1/MODULE.bazel": "33f6f999e03183f7d088c9be518a63467dfd0be94a11d0055fe2d210f89aa909",
    "https://bcr.bazel.build/modules/rules_jvm_external/5.2/MODULE.bazel": "d9351ba35217ad0de03816ef3ed63f89d411349353077348a45348b096615036",
    "https://bcr.bazel.build/modules/rules_jvm_external/6.3/MODULE.bazel": "c998e060b85f71e00de5ec552019347c8bca255062c990ac02d051bb80a38df0",
    "https://bcr.bazel.build/modules/rules_jvm_external/6.3/source.json": "6f5f5a5a4419ae4e37c35a5bb0a6ae657ed40b7abc5a5189111b47fcebe43197",
    "https://bcr.bazel.build/modules/rules_kotlin/1.9.6/MODULE.bazel": "d269a01a18ee74d0335450b10f62c9ed81f2321d7958a2934e44272fe82dcef3",
    "https://bcr.bazel.build/modules/rules_kotlin/1.9.6/source.json": "2faa4794364282db7c06600b7e5e34867a564ae91bda7cae7c29c64e9466b7d5",
    "https://bcr.bazel.build/modules/rules_license/0.0.3/MODULE.bazel": "627e9ab0247f7d1e05736b59dbb1b6871373de5ad31c3011880b4133cafd4bd0",
    "https://bcr.bazel.build/modules/rules_license/0.0.7/MODULE.bazel": "088fbeb0b6a419005b89cf93fe62d9517c0a2b8bb56af3244af65ecfe37e7d5d",
    "https://bcr.bazel.build/modules/rules_license/1.0.0/MODULE.bazel": "a7fda60eefdf3d8c827262ba499957e4df06f659330bbe6cdbdb975b768bb65c",
    "https://bcr.bazel.build/modules/rules_license/1.0.0/source.json": "a52c89e54cc311196e478f8382df91c15f7a2bfdf4c6cd0e2675cc2ff0b56efb",
    "https://bcr.bazel.build/modules/rules_multirun/0.9.0/MODULE.bazel": "32d628ef586b5b23f67e55886b7bc38913ea4160420d66ae90521dda2ff37df0",
    "https://bcr.bazel.build/modules/rules_multirun/0.9.0/source.json": "e882ba77962fa6c5fe68619e5c7d0374ec9a219fb8d03c42eadaf6d0243771bd",
    "https://bcr.bazel.build/modules/rules_multitool/0.4.0/MODULE.bazel": "15517987d5c00c9e7faab41fbe22ee67a350b6eabcc1e08baded5c6d9025897f",
    "https://bcr.bazel.build/modules/rules_multitool/0.4.0/source.json": "d73b450b7c6d9683e400d6cebc463fbc2b870cc5d8e2e75080d6278805aaab08",
    "https://bcr.bazel.build/modules/rules_nodejs/6.3.0/MODULE.bazel": "45345e4aba35dd6e4701c1eebf5a4e67af4ed708def9ebcdc6027585b34ee52d",
    "https://bcr.bazel.build/modules/rules_nodejs/6.3.0/source.json": "1254ffd8d0d908a19c67add7fb5e2a1f604df133bc5d206425264293e2e537fc",
    "https://bcr.bazel.build/modules/rules_pkg/0.7.0/MODULE.bazel": "df99f03fc7934a4737122518bb87e667e62d780b610910f0447665a7e2be62dc",
    "https://bcr.bazel.build/modules/rules_pkg/1.0.1/MODULE.bazel": "5b1df97dbc29623bccdf2b0dcd0f5cb08e2f2c9050aab1092fd39a41e82686ff",
    "https://bcr.bazel.build/modules/rules_pkg/1.2.0/MODULE.bazel": "c7db3c2b407e673c7a39e3625dc05dc9f12d6682cbd82a3a5924a13b491eda7e",
    "https://bcr.bazel.build/modules/rules_pkg/1.2.0/source.json": "9062e00845bf91a4247465d371baa837adf9b6ff44c542f73ba084f07667e1dc",
    "https://bcr.bazel.build/modules/rules_proto/4.0.0/MODULE.bazel": "a7a7b6ce9bee418c1a760b3d84f83a299ad6952f9903c67f19e4edd964894e06",
    "https://bcr.bazel.build/modules/rules_proto/5.3.0-21.7/MODULE.bazel": "e8dff86b0971688790ae75528fe1813f71809b5afd57facb44dad9e8eca631b7",
    "https://bcr.bazel.build/modules/rules_proto/6.0.2/MODULE.bazel": "ce916b775a62b90b61888052a416ccdda405212b6aaeb39522f7dc53431a5e73",
    "https://bcr.bazel.build/modules/rules_proto/7.0.2/MODULE.bazel": "bf81793bd6d2ad89a37a40693e56c61b0ee30f7a7fdbaf3eabbf5f39de47dea2",
    "https://bcr.bazel.build/modules/rules_proto/7.0.2/source.json": "1e5e7260ae32ef4f2b52fd1d0de8d03b606a44c91b694d2f1afb1d3b28a48ce1",
    "https://bcr.bazel.build/modules/rules_python/0.10.2/MODULE.bazel": "cc82bc96f2997baa545ab3ce73f196d040ffb8756fd2d66125a530031cd90e5f",
    "https://bcr.bazel.build/modules/rules_python/0.22.1/MODULE.bazel": "26114f0c0b5e93018c0c066d6673f1a2c3737c7e90af95eff30cfee38d0bbac7",
    "https://bcr.bazel.build/modules/rules_python/0.23.1/MODULE.bazel": "49ffccf0511cb8414de28321f5fcf2a31312b47c40cc21577144b7447f2bf300",
    "https://bcr.bazel.build/modules/rules_python/0.27.1/MODULE.bazel": "65dc875cc1a06c30d5bbdba7ab021fd9e551a6579e408a3943a61303e2228a53",
    "https://bcr.bazel.build/modules/rules_python/0.28.0/MODULE.bazel": "cba2573d870babc976664a912539b320cbaa7114cd3e8f053c720171cde331ed",
    "https://bcr.bazel.build/modules/rules_python/0.31.0/MODULE.bazel": "93a43dc47ee570e6ec9f5779b2e64c1476a6ce921c48cc9a1678a91dd5f8fd58",
    "https://bcr.bazel.build/modules/rules_python/0.4.0/MODULE.bazel": "9208ee05fd48bf09ac60ed269791cf17fb343db56c8226a720fbb1cdf467166c",
    "https://bcr.bazel.build/modules/rules_python/1.0.0/MODULE.bazel": "898a3d999c22caa585eb062b600f88654bf92efb204fa346fb55f6f8edffca43",
    "https://bcr.bazel.build/modules/rules_python/1.0.0/source.json": "b0162a65c6312e45e7912e39abd1a7f8856c2c7e41ecc9b6dc688a6f6400a917",
    "https://bcr.bazel.build/modules/rules_shell/0.2.0/MODULE.bazel": "fda8a652ab3c7d8fee214de05e7a9916d8b28082234e8d2c0094505c5268ed3c",
    "https://bcr.bazel.build/modules/rules_shell/0.2.0/source.json": "7f27af3c28037d9701487c4744b5448d26537cc66cdef0d8df7ae85411f8de95",
    "https://bcr.bazel.build/modules/stardoc/0.5.1/MODULE.bazel": "1a05d92974d0c122f5ccf09291442580317cdd859f07a8655f1db9a60374f9f8",
    "https://bcr.bazel.build/modules/stardoc/0.5.3/MODULE.bazel": "c7f6948dae6999bf0db32c1858ae345f112cacf98f174c7a8bb707e41b974f1c",
    "https://bcr.bazel.build/modules/stardoc/0.6.2/MODULE.bazel": "7060193196395f5dd668eda046ccbeacebfd98efc77fed418dbe2b82ffaa39fd",
    "https://bcr.bazel.build/modules/stardoc/0.7.0/MODULE.bazel": "05e3d6d30c099b6770e97da986c53bd31844d7f13d41412480ea265ac9e8079c",
    "https://bcr.bazel.build/modules/stardoc/0.7.2/MODULE.bazel": "fc152419aa2ea0f51c29583fab1e8c99ddefd5b3778421845606ee628629e0e5",
    "https://bcr.bazel.build/modules/stardoc/0.7.2/source.json": "58b029e5e901d6802967754adf0a9056747e8176f017cfe3607c0851f4d42216",
    "https://bcr.bazel.build/modules/upb/0.0.0-20220923-a547704/MODULE.bazel": "7298990c00040a0e2f121f6c32544bab27d4452f80d9ce51349b1a28f3005c43",
    "https://bcr.bazel.build/modules/zlib/1.3.1/MODULE.bazel": "751c9940dcfe869f5f7274e1295422a34623555916eb98c174c1e945594bf198",
    "https://bcr.bazel.build/modules/zlib/1.3.1/source.json": "61d55210bd9e9b52fe40b438a377ed1e9594703a354ef6f24acc923571613476"
  },
  "selectedYankedVersions": {},
  "moduleExtensions": {
    "//bazel:bzlmod.bzl%setup_mongo_python_toolchains": {
      "general": {
        "bzlTransitiveDigest": "baWIcGvxfENkhkIgmm5mVeBYLqxYAFah+mEDZBqXK4w=",
        "usagesDigest": "bUxjq9n+hj2YwYT/lcSP4lHyQ2GVy5JpFgSmddUqUZg=",
        "recordedFileInputs": {},
        "recordedDirentsInputs": {},
        "envVariables": {},
        "generatedRepoSpecs": {
          "py_host": {
            "bzlFile": "@@//bazel/toolchains/python:python_toolchain.bzl",
            "ruleClassName": "py_download",
            "attributes": {}
          },
          "py_linux_arm64": {
            "bzlFile": "@@//bazel/toolchains/python:python_toolchain.bzl",
            "ruleClassName": "py_download",
            "attributes": {
              "arch": "aarch64",
              "os": "linux",
              "sha256": "3e26a672df17708c4dc928475a5974c3fb3a34a9b45c65fb4bd1e50504cc84ec",
              "urls": [
                "https://github.com/indygreg/python-build-standalone/releases/download/20231002/cpython-3.11.6+20231002-aarch64-unknown-linux-gnu-install_only.tar.gz"
              ]
            }
          },
          "py_linux_x86_64": {
            "bzlFile": "@@//bazel/toolchains/python:python_toolchain.bzl",
            "ruleClassName": "py_download",
            "attributes": {
              "arch": "amd64",
              "os": "linux",
              "sha256": "ee37a7eae6e80148c7e3abc56e48a397c1664f044920463ad0df0fc706eacea8",
              "urls": [
                "https://github.com/indygreg/python-build-standalone/releases/download/20231002/cpython-3.11.6+20231002-x86_64-unknown-linux-gnu-install_only.tar.gz"
              ]
            }
          },
          "py_linux_ppc64le": {
            "bzlFile": "@@//bazel/toolchains/python:python_toolchain.bzl",
            "ruleClassName": "py_download",
            "attributes": {
              "arch": "ppc64le",
              "os": "linux",
              "sha256": "7937035f690a624dba4d014ffd20c342e843dd46f89b0b0a1e5726b85deb8eaf",
              "urls": [
                "https://github.com/indygreg/python-build-standalone/releases/download/20231002/cpython-3.11.6+20231002-ppc64le-unknown-linux-gnu-install_only.tar.gz"
              ]
            }
          },
          "py_linux_s390x": {
            "bzlFile": "@@//bazel/toolchains/python:python_toolchain.bzl",
            "ruleClassName": "py_download",
            "attributes": {
              "arch": "s390x",
              "os": "linux",
              "sha256": "f9f19823dba3209cedc4647b00f46ed0177242917db20fb7fb539970e384531c",
              "urls": [
                "https://github.com/indygreg/python-build-standalone/releases/download/20231002/cpython-3.11.6+20231002-s390x-unknown-linux-gnu-install_only.tar.gz"
              ]
            }
          },
          "py_windows_x86_64": {
            "bzlFile": "@@//bazel/toolchains/python:python_toolchain.bzl",
            "ruleClassName": "py_download",
            "attributes": {
              "arch": "amd64",
              "os": "windows",
              "interpreter_path": "dist/python.exe",
              "sha256": "35458ef3163a2705cd0952ba1df6012acb42b043349dcb31ab49afec341369cf",
              "urls": [
                "https://github.com/indygreg/python-build-standalone/releases/download/20231002/cpython-3.11.6+20231002-x86_64-pc-windows-msvc-static-install_only.tar.gz"
              ]
            }
          },
          "py_macos_arm64": {
            "bzlFile": "@@//bazel/toolchains/python:python_toolchain.bzl",
            "ruleClassName": "py_download",
            "attributes": {
              "arch": "aarch64",
              "os": "macos",
              "sha256": "916c35125b5d8323a21526d7a9154ca626453f63d0878e95b9f613a95006c990",
              "urls": [
                "https://github.com/indygreg/python-build-standalone/releases/download/20231002/cpython-3.11.6+20231002-aarch64-apple-darwin-install_only.tar.gz"
              ]
            }
          },
          "py_macos_x86_64": {
            "bzlFile": "@@//bazel/toolchains/python:python_toolchain.bzl",
            "ruleClassName": "py_download",
            "attributes": {
              "arch": "amd64",
              "os": "macos",
              "sha256": "178cb1716c2abc25cb56ae915096c1a083e60abeba57af001996e8bc6ce1a371",
              "urls": [
                "https://github.com/indygreg/python-build-standalone/releases/download/20231002/cpython-3.11.6+20231002-x86_64-apple-darwin-install_only.tar.gz"
              ]
            }
          }
        },
        "recordedRepoMappingEntries": [
          [
            "",
            "bazel_features",
            "bazel_features~"
          ],
          [
            "bazel_features~",
            "bazel_tools",
            "bazel_tools"
          ]
        ]
      }
    },
    "//bazel/toolchains/cc/mongo_apple:mongo_apple_toolchain.bzl%setup_mongo_apple_toolchain_extension": {
      "general": {
        "bzlTransitiveDigest": "ZHwWP7qZ4ZGJrFL3joyvvtFhckegJMpjXbNmOeHCSNg=",
        "usagesDigest": "5jcfs/9THcpOV6/hUDotupzJpZQonmplpSQs1TbLgaU=",
        "recordedFileInputs": {},
        "recordedDirentsInputs": {},
        "envVariables": {},
        "generatedRepoSpecs": {
          "mongo_apple_toolchain": {
            "bzlFile": "@@//bazel/toolchains/cc/mongo_apple:mongo_apple_toolchain.bzl",
            "ruleClassName": "mongo_apple_brew_llvm_toolchain_config",
            "attributes": {}
          }
        },
        "recordedRepoMappingEntries": [
          [
            "",
            "build_bazel_apple_support",
            "apple_support~"
          ]
        ]
      }
    },
    "//bazel/toolchains/cc/mongo_windows:mongo_toolchain.bzl%setup_mongo_windows_toolchain_extension": {
      "general": {
        "bzlTransitiveDigest": "dHLyfzMhaUTIIP7LsjQxVGJHz6n+z1RfQNYH+/O+1Iw=",
        "usagesDigest": "n0o7oj+Qsfc72uhUPqYhsJpUeTzxSeQBSih56V3nmlw=",
        "recordedFileInputs": {},
        "recordedDirentsInputs": {},
        "envVariables": {},
        "generatedRepoSpecs": {
          "mongo_windows_toolchain": {
            "bzlFile": "@@//bazel/toolchains/cc/mongo_windows:mongo_toolchain.bzl",
            "ruleClassName": "generate_windows_toolchain_build_file",
            "attributes": {}
          }
        },
        "recordedRepoMappingEntries": []
      }
    },
    "@@apple_support~//crosstool:setup.bzl%apple_cc_configure_extension": {
      "general": {
        "bzlTransitiveDigest": "7ii+gFxWSxHhQPrBxfMEHhtrGvHmBTvsh+KOyGunP/s=",
        "usagesDigest": "R8xslr59tZnVLqBbEpbunVi3NfM8lkJZstFJkVyW4qk=",
        "recordedFileInputs": {},
        "recordedDirentsInputs": {},
        "envVariables": {},
        "generatedRepoSpecs": {
          "local_config_apple_cc_toolchains": {
            "bzlFile": "@@apple_support~//crosstool:setup.bzl",
            "ruleClassName": "_apple_cc_autoconf_toolchains",
            "attributes": {}
          },
          "local_config_apple_cc": {
            "bzlFile": "@@apple_support~//crosstool:setup.bzl",
            "ruleClassName": "_apple_cc_autoconf",
            "attributes": {}
          }
        },
        "recordedRepoMappingEntries": [
          [
            "apple_support~",
            "bazel_tools",
            "bazel_tools"
          ]
        ]
      }
    },
    "@@buildifier_prebuilt~//:defs.bzl%buildifier_prebuilt_deps_extension": {
      "general": {
        "bzlTransitiveDigest": "wCVIDn7TlLvw6PNyOj4qjCcL1dhRDKDOZKuBuxemVxY=",
        "usagesDigest": "MbIuhDGRTlw07fpxjzM2N+5FUBehV3EnCmO7eEN86tc=",
        "recordedFileInputs": {},
        "recordedDirentsInputs": {},
        "envVariables": {},
        "generatedRepoSpecs": {
          "buildifier_darwin_amd64": {
            "bzlFile": "@@bazel_tools//tools/build_defs/repo:http.bzl",
            "ruleClassName": "http_file",
            "attributes": {
              "urls": [
                "https://github.com/bazelbuild/buildtools/releases/download/v6.4.0/buildifier-darwin-amd64"
              ],
              "downloaded_file_path": "buildifier",
              "executable": true,
              "sha256": "eeb47b2de27f60efe549348b183fac24eae80f1479e8b06cac0799c486df5bed"
            }
          },
          "buildifier_darwin_arm64": {
            "bzlFile": "@@bazel_tools//tools/build_defs/repo:http.bzl",
            "ruleClassName": "http_file",
            "attributes": {
              "urls": [
                "https://github.com/bazelbuild/buildtools/releases/download/v6.4.0/buildifier-darwin-arm64"
              ],
              "downloaded_file_path": "buildifier",
              "executable": true,
              "sha256": "fa07ba0d20165917ca4cc7609f9b19a8a4392898148b7babdf6bb2a7dd963f05"
            }
          },
          "buildifier_linux_amd64": {
            "bzlFile": "@@bazel_tools//tools/build_defs/repo:http.bzl",
            "ruleClassName": "http_file",
            "attributes": {
              "urls": [
                "https://github.com/bazelbuild/buildtools/releases/download/v6.4.0/buildifier-linux-amd64"
              ],
              "downloaded_file_path": "buildifier",
              "executable": true,
              "sha256": "be63db12899f48600bad94051123b1fd7b5251e7661b9168582ce52396132e92"
            }
          },
          "buildifier_linux_arm64": {
            "bzlFile": "@@bazel_tools//tools/build_defs/repo:http.bzl",
            "ruleClassName": "http_file",
            "attributes": {
              "urls": [
                "https://github.com/bazelbuild/buildtools/releases/download/v6.4.0/buildifier-linux-arm64"
              ],
              "downloaded_file_path": "buildifier",
              "executable": true,
              "sha256": "18540fc10f86190f87485eb86963e603e41fa022f88a2d1b0cf52ff252b5e1dd"
            }
          },
          "buildifier_windows_amd64": {
            "bzlFile": "@@bazel_tools//tools/build_defs/repo:http.bzl",
            "ruleClassName": "http_file",
            "attributes": {
              "urls": [
                "https://github.com/bazelbuild/buildtools/releases/download/v6.4.0/buildifier-windows-amd64.exe"
              ],
              "downloaded_file_path": "buildifier.exe",
              "executable": true,
              "sha256": "da8372f35e34b65fb6d997844d041013bb841e55f58b54d596d35e49680fe13c"
            }
          },
          "buildozer_darwin_amd64": {
            "bzlFile": "@@bazel_tools//tools/build_defs/repo:http.bzl",
            "ruleClassName": "http_file",
            "attributes": {
              "urls": [
                "https://github.com/bazelbuild/buildtools/releases/download/v6.4.0/buildozer-darwin-amd64"
              ],
              "downloaded_file_path": "buildozer",
              "executable": true,
              "sha256": "d29e347ecd6b5673d72cb1a8de05bf1b06178dd229ff5eb67fad5100c840cc8e"
            }
          },
          "buildozer_darwin_arm64": {
            "bzlFile": "@@bazel_tools//tools/build_defs/repo:http.bzl",
            "ruleClassName": "http_file",
            "attributes": {
              "urls": [
                "https://github.com/bazelbuild/buildtools/releases/download/v6.4.0/buildozer-darwin-arm64"
              ],
              "downloaded_file_path": "buildozer",
              "executable": true,
              "sha256": "9b9e71bdbec5e7223871e913b65d12f6d8fa026684daf991f00e52ed36a6978d"
            }
          },
          "buildozer_linux_amd64": {
            "bzlFile": "@@bazel_tools//tools/build_defs/repo:http.bzl",
            "ruleClassName": "http_file",
            "attributes": {
              "urls": [
                "https://github.com/bazelbuild/buildtools/releases/download/v6.4.0/buildozer-linux-amd64"
              ],
              "downloaded_file_path": "buildozer",
              "executable": true,
              "sha256": "8dfd6345da4e9042daa738d7fdf34f699c5dfce4632f7207956fceedd8494119"
            }
          },
          "buildozer_linux_arm64": {
            "bzlFile": "@@bazel_tools//tools/build_defs/repo:http.bzl",
            "ruleClassName": "http_file",
            "attributes": {
              "urls": [
                "https://github.com/bazelbuild/buildtools/releases/download/v6.4.0/buildozer-linux-arm64"
              ],
              "downloaded_file_path": "buildozer",
              "executable": true,
              "sha256": "6559558fded658c8fa7432a9d011f7c4dcbac6b738feae73d2d5c352e5f605fa"
            }
          },
          "buildozer_windows_amd64": {
            "bzlFile": "@@bazel_tools//tools/build_defs/repo:http.bzl",
            "ruleClassName": "http_file",
            "attributes": {
              "urls": [
                "https://github.com/bazelbuild/buildtools/releases/download/v6.4.0/buildozer-windows-amd64.exe"
              ],
              "downloaded_file_path": "buildozer.exe",
              "executable": true,
              "sha256": "e7f05bf847f7c3689dd28926460ce6e1097ae97380ac8e6ae7147b7b706ba19b"
            }
          },
          "buildifier_prebuilt_toolchains": {
            "bzlFile": "@@buildifier_prebuilt~//:defs.bzl",
            "ruleClassName": "_buildifier_toolchain_setup",
            "attributes": {
              "assets_json": "[{\"arch\":\"amd64\",\"name\":\"buildifier\",\"platform\":\"darwin\",\"sha256\":\"eeb47b2de27f60efe549348b183fac24eae80f1479e8b06cac0799c486df5bed\",\"version\":\"v6.4.0\"},{\"arch\":\"arm64\",\"name\":\"buildifier\",\"platform\":\"darwin\",\"sha256\":\"fa07ba0d20165917ca4cc7609f9b19a8a4392898148b7babdf6bb2a7dd963f05\",\"version\":\"v6.4.0\"},{\"arch\":\"amd64\",\"name\":\"buildifier\",\"platform\":\"linux\",\"sha256\":\"be63db12899f48600bad94051123b1fd7b5251e7661b9168582ce52396132e92\",\"version\":\"v6.4.0\"},{\"arch\":\"arm64\",\"name\":\"buildifier\",\"platform\":\"linux\",\"sha256\":\"18540fc10f86190f87485eb86963e603e41fa022f88a2d1b0cf52ff252b5e1dd\",\"version\":\"v6.4.0\"},{\"arch\":\"amd64\",\"name\":\"buildifier\",\"platform\":\"windows\",\"sha256\":\"da8372f35e34b65fb6d997844d041013bb841e55f58b54d596d35e49680fe13c\",\"version\":\"v6.4.0\"},{\"arch\":\"amd64\",\"name\":\"buildozer\",\"platform\":\"darwin\",\"sha256\":\"d29e347ecd6b5673d72cb1a8de05bf1b06178dd229ff5eb67fad5100c840cc8e\",\"version\":\"v6.4.0\"},{\"arch\":\"arm64\",\"name\":\"buildozer\",\"platform\":\"darwin\",\"sha256\":\"9b9e71bdbec5e7223871e913b65d12f6d8fa026684daf991f00e52ed36a6978d\",\"version\":\"v6.4.0\"},{\"arch\":\"amd64\",\"name\":\"buildozer\",\"platform\":\"linux\",\"sha256\":\"8dfd6345da4e9042daa738d7fdf34f699c5dfce4632f7207956fceedd8494119\",\"version\":\"v6.4.0\"},{\"arch\":\"arm64\",\"name\":\"buildozer\",\"platform\":\"linux\",\"sha256\":\"6559558fded658c8fa7432a9d011f7c4dcbac6b738feae73d2d5c352e5f605fa\",\"version\":\"v6.4.0\"},{\"arch\":\"amd64\",\"name\":\"buildozer\",\"platform\":\"windows\",\"sha256\":\"e7f05bf847f7c3689dd28926460ce6e1097ae97380ac8e6ae7147b7b706ba19b\",\"version\":\"v6.4.0\"}]"
            }
          }
        },
        "recordedRepoMappingEntries": [
          [
            "buildifier_prebuilt~",
            "bazel_skylib",
            "bazel_skylib~"
          ],
          [
            "buildifier_prebuilt~",
            "bazel_tools",
            "bazel_tools"
          ]
        ]
      }
    },
    "@@platforms//host:extension.bzl%host_platform": {
      "general": {
        "bzlTransitiveDigest": "xelQcPZH8+tmuOHVjL9vDxMnnQNMlwj0SlvgoqBkm4U=",
        "usagesDigest": "LUblUGMKtj8AR+ZmiSRvhBKhTTkYYYu/lpFbN+sUj6U=",
        "recordedFileInputs": {},
        "recordedDirentsInputs": {},
        "envVariables": {},
        "generatedRepoSpecs": {
          "host_platform": {
            "bzlFile": "@@platforms//host:extension.bzl",
            "ruleClassName": "host_platform_repo",
            "attributes": {}
          }
        },
        "recordedRepoMappingEntries": []
      }
    },
    "@@rules_java~//java:rules_java_deps.bzl%compatibility_proxy": {
      "general": {
        "bzlTransitiveDigest": "KIX40nDfygEWbU+rq3nYpt3tVgTK/iO8PKh5VMBlN7M=",
        "usagesDigest": "pwHZ+26iLgQdwvdZeA5wnAjKnNI3y6XO2VbhOTeo5h8=",
        "recordedFileInputs": {},
        "recordedDirentsInputs": {},
        "envVariables": {},
        "generatedRepoSpecs": {
          "compatibility_proxy": {
            "bzlFile": "@@rules_java~//java:rules_java_deps.bzl",
            "ruleClassName": "_compatibility_proxy_repo_rule",
            "attributes": {}
          }
        },
        "recordedRepoMappingEntries": [
          [
            "rules_java~",
            "bazel_tools",
            "bazel_tools"
          ]
        ]
      }
    },
    "@@rules_kotlin~//src/main/starlark/core/repositories:bzlmod_setup.bzl%rules_kotlin_extensions": {
      "general": {
        "bzlTransitiveDigest": "fus14IFJ/1LGWWGKPH/U18VnJCoMjfDt1ckahqCnM0A=",
        "usagesDigest": "aJF6fLy82rR95Ff5CZPAqxNoFgOMLMN5ImfBS0nhnkg=",
        "recordedFileInputs": {},
        "recordedDirentsInputs": {},
        "envVariables": {},
        "generatedRepoSpecs": {
          "com_github_jetbrains_kotlin_git": {
            "bzlFile": "@@rules_kotlin~//src/main/starlark/core/repositories:compiler.bzl",
            "ruleClassName": "kotlin_compiler_git_repository",
            "attributes": {
              "urls": [
                "https://github.com/JetBrains/kotlin/releases/download/v1.9.23/kotlin-compiler-1.9.23.zip"
              ],
              "sha256": "93137d3aab9afa9b27cb06a824c2324195c6b6f6179d8a8653f440f5bd58be88"
            }
          },
          "com_github_jetbrains_kotlin": {
            "bzlFile": "@@rules_kotlin~//src/main/starlark/core/repositories:compiler.bzl",
            "ruleClassName": "kotlin_capabilities_repository",
            "attributes": {
              "git_repository_name": "com_github_jetbrains_kotlin_git",
              "compiler_version": "1.9.23"
            }
          },
          "com_github_google_ksp": {
            "bzlFile": "@@rules_kotlin~//src/main/starlark/core/repositories:ksp.bzl",
            "ruleClassName": "ksp_compiler_plugin_repository",
            "attributes": {
              "urls": [
                "https://github.com/google/ksp/releases/download/1.9.23-1.0.20/artifacts.zip"
              ],
              "sha256": "ee0618755913ef7fd6511288a232e8fad24838b9af6ea73972a76e81053c8c2d",
              "strip_version": "1.9.23-1.0.20"
            }
          },
          "com_github_pinterest_ktlint": {
            "bzlFile": "@@bazel_tools//tools/build_defs/repo:http.bzl",
            "ruleClassName": "http_file",
            "attributes": {
              "sha256": "01b2e0ef893383a50dbeb13970fe7fa3be36ca3e83259e01649945b09d736985",
              "urls": [
                "https://github.com/pinterest/ktlint/releases/download/1.3.0/ktlint"
              ],
              "executable": true
            }
          },
          "rules_android": {
            "bzlFile": "@@bazel_tools//tools/build_defs/repo:http.bzl",
            "ruleClassName": "http_archive",
            "attributes": {
              "sha256": "cd06d15dd8bb59926e4d65f9003bfc20f9da4b2519985c27e190cddc8b7a7806",
              "strip_prefix": "rules_android-0.1.1",
              "urls": [
                "https://github.com/bazelbuild/rules_android/archive/v0.1.1.zip"
              ]
            }
          }
        },
        "recordedRepoMappingEntries": [
          [
            "rules_kotlin~",
            "bazel_tools",
            "bazel_tools"
          ]
        ]
      }
    },
    "@@rules_multitool~//multitool:extension.bzl%multitool": {
      "general": {
        "bzlTransitiveDigest": "AtvPzG/SAawYMKVVHcMoJq4EXkVPTIhS3AeNwENXp9E=",
        "usagesDigest": "/3mqyYmKUVszeFFwrbpPTyQObhbnpoddhdOHOBeorQ4=",
        "recordedFileInputs": {},
        "recordedDirentsInputs": {},
        "envVariables": {},
        "generatedRepoSpecs": {
          "multitool.linux_arm64": {
            "bzlFile": "@@rules_multitool~//multitool/private:multitool.bzl",
            "ruleClassName": "_env_specific_tools",
            "attributes": {
              "lockfiles": [
                "@@//tools/lint:multitool.lock.json"
              ],
              "os": "linux",
              "cpu": "arm64"
            }
          },
          "multitool.linux_x86_64": {
            "bzlFile": "@@rules_multitool~//multitool/private:multitool.bzl",
            "ruleClassName": "_env_specific_tools",
            "attributes": {
              "lockfiles": [
                "@@//tools/lint:multitool.lock.json"
              ],
              "os": "linux",
              "cpu": "x86_64"
            }
          },
          "multitool.macos_arm64": {
            "bzlFile": "@@rules_multitool~//multitool/private:multitool.bzl",
            "ruleClassName": "_env_specific_tools",
            "attributes": {
              "lockfiles": [
                "@@//tools/lint:multitool.lock.json"
              ],
              "os": "macos",
              "cpu": "arm64"
            }
          },
          "multitool.macos_x86_64": {
            "bzlFile": "@@rules_multitool~//multitool/private:multitool.bzl",
            "ruleClassName": "_env_specific_tools",
            "attributes": {
              "lockfiles": [
                "@@//tools/lint:multitool.lock.json"
              ],
              "os": "macos",
              "cpu": "x86_64"
            }
          },
          "multitool": {
            "bzlFile": "@@rules_multitool~//multitool/private:multitool.bzl",
            "ruleClassName": "_multitool_hub",
            "attributes": {
              "lockfiles": [
                "@@//tools/lint:multitool.lock.json"
              ]
            }
          }
        },
        "recordedRepoMappingEntries": []
      }
    },
    "@@rules_nodejs~//nodejs:extensions.bzl%node": {
      "general": {
        "bzlTransitiveDigest": "SqbzUarOVzAfK28Ca5+NIU3LUwnW/b3h0xXBUS97oyI=",
        "usagesDigest": "BNh/7aYgUWaz5YBRurco7ePSFFUgEOO6q70+pUXr1Oc=",
        "recordedFileInputs": {},
        "recordedDirentsInputs": {},
        "envVariables": {},
        "generatedRepoSpecs": {
          "nodejs_linux_amd64": {
            "bzlFile": "@@rules_nodejs~//nodejs:repositories.bzl",
            "ruleClassName": "_nodejs_repositories",
            "attributes": {
              "node_download_auth": {},
              "node_repositories": {},
              "node_urls": [
                "https://nodejs.org/dist/v{version}/{filename}"
              ],
              "node_version": "18.20.4",
              "include_headers": false,
              "platform": "linux_amd64"
            }
          },
          "nodejs_linux_arm64": {
            "bzlFile": "@@rules_nodejs~//nodejs:repositories.bzl",
            "ruleClassName": "_nodejs_repositories",
            "attributes": {
              "node_download_auth": {},
              "node_repositories": {},
              "node_urls": [
                "https://nodejs.org/dist/v{version}/{filename}"
              ],
              "node_version": "18.20.4",
              "include_headers": false,
              "platform": "linux_arm64"
            }
          },
          "nodejs_linux_s390x": {
            "bzlFile": "@@rules_nodejs~//nodejs:repositories.bzl",
            "ruleClassName": "_nodejs_repositories",
            "attributes": {
              "node_download_auth": {},
              "node_repositories": {},
              "node_urls": [
                "https://nodejs.org/dist/v{version}/{filename}"
              ],
              "node_version": "18.20.4",
              "include_headers": false,
              "platform": "linux_s390x"
            }
          },
          "nodejs_linux_ppc64le": {
            "bzlFile": "@@rules_nodejs~//nodejs:repositories.bzl",
            "ruleClassName": "_nodejs_repositories",
            "attributes": {
              "node_download_auth": {},
              "node_repositories": {},
              "node_urls": [
                "https://nodejs.org/dist/v{version}/{filename}"
              ],
              "node_version": "18.20.4",
              "include_headers": false,
              "platform": "linux_ppc64le"
            }
          },
          "nodejs_darwin_amd64": {
            "bzlFile": "@@rules_nodejs~//nodejs:repositories.bzl",
            "ruleClassName": "_nodejs_repositories",
            "attributes": {
              "node_download_auth": {},
              "node_repositories": {},
              "node_urls": [
                "https://nodejs.org/dist/v{version}/{filename}"
              ],
              "node_version": "18.20.4",
              "include_headers": false,
              "platform": "darwin_amd64"
            }
          },
          "nodejs_darwin_arm64": {
            "bzlFile": "@@rules_nodejs~//nodejs:repositories.bzl",
            "ruleClassName": "_nodejs_repositories",
            "attributes": {
              "node_download_auth": {},
              "node_repositories": {},
              "node_urls": [
                "https://nodejs.org/dist/v{version}/{filename}"
              ],
              "node_version": "18.20.4",
              "include_headers": false,
              "platform": "darwin_arm64"
            }
          },
          "nodejs_windows_amd64": {
            "bzlFile": "@@rules_nodejs~//nodejs:repositories.bzl",
            "ruleClassName": "_nodejs_repositories",
            "attributes": {
              "node_download_auth": {},
              "node_repositories": {},
              "node_urls": [
                "https://nodejs.org/dist/v{version}/{filename}"
              ],
              "node_version": "18.20.4",
              "include_headers": false,
              "platform": "windows_amd64"
            }
          },
          "nodejs": {
            "bzlFile": "@@rules_nodejs~//nodejs/private:nodejs_repo_host_os_alias.bzl",
            "ruleClassName": "nodejs_repo_host_os_alias",
            "attributes": {
              "user_node_repository_name": "nodejs"
            }
          },
          "nodejs_host": {
            "bzlFile": "@@rules_nodejs~//nodejs/private:nodejs_repo_host_os_alias.bzl",
            "ruleClassName": "nodejs_repo_host_os_alias",
            "attributes": {
              "user_node_repository_name": "nodejs"
            }
          },
          "nodejs_toolchains": {
            "bzlFile": "@@rules_nodejs~//nodejs/private:nodejs_toolchains_repo.bzl",
            "ruleClassName": "nodejs_toolchains_repo",
            "attributes": {
              "user_node_repository_name": "nodejs"
            }
          }
        },
        "recordedRepoMappingEntries": []
      }
    }
  }
}
