<?xml version="1.0" encoding="utf-8"?>
<Project ToolsVersion="4.0" xmlns="http://schemas.microsoft.com/developer/msbuild/2003">
  <ItemGroup>
    <ClCompile Include="..\bson\oid.cpp" />
    <ClCompile Include="..\client\distlock.cpp" />
    <ClCompile Include="..\client\model.cpp" />
    <ClCompile Include="..\shell\mongo.cpp" />
    <ClCompile Include="..\s\grid.cpp" />
    <ClCompile Include="..\s\shard.cpp" />
    <ClCompile Include="..\s\shardconnection.cpp" />
    <ClCompile Include="..\s\shardkey.cpp" />
    <ClCompile Include="..\util\concurrency\spin_lock.cpp" />
    <ClCompile Include="..\util\concurrency\synchronization.cpp" />
    <ClCompile Include="..\util\concurrency\task.cpp" />
    <ClCompile Include="..\util\concurrency\thread_pool.cpp" />
    <ClCompile Include="..\util\concurrency\vars.cpp" />
    <ClCompile Include="..\util\log.cpp" />
    <ClCompile Include="..\util\logfile.cpp" />
    <ClCompile Include="..\util\processinfo.cpp" />
    <ClCompile Include="..\util\stringutils.cpp" />
    <ClCompile Include="..\util\text.cpp" />
    <ClCompile Include="..\util\version.cpp" />
    <ClCompile Include="commands\distinct.cpp" />
    <ClCompile Include="commands\group.cpp" />
    <ClCompile Include="commands\isself.cpp" />
    <ClCompile Include="commands\mr.cpp" />
    <ClCompile Include="dur.cpp" />
    <ClCompile Include="durop.cpp" />
    <ClCompile Include="dur_commitjob.cpp" />
    <ClCompile Include="dur_journal.cpp" />
    <ClCompile Include="dur_preplogbuffer.cpp" />
    <ClCompile Include="dur_recover.cpp" />
    <ClCompile Include="dur_writetodatafiles.cpp" />
    <ClCompile Include="geo\haystack.cpp" />
    <ClCompile Include="mongommf.cpp" />
    <ClCompile Include="oplog.cpp" />
    <ClCompile Include="projection.cpp" />
    <ClCompile Include="repl.cpp" />
    <ClCompile Include="repl\heartbeat.cpp" />
    <ClCompile Include="repl\manager.cpp" />
    <ClCompile Include="repl\rs_initialsync.cpp" />
    <ClCompile Include="repl\rs_initiate.cpp" />
    <ClCompile Include="repl\rs_rollback.cpp" />
    <ClCompile Include="repl\rs_sync.cpp" />
    <ClCompile Include="repl_block.cpp" />
    <ClCompile Include="restapi.cpp" />
    <ClCompile Include="..\client\syncclusterconnection.cpp" />
    <ClCompile Include="..\pch.cpp" />
    <ClCompile Include="extsort.cpp" />
    <ClCompile Include="index.cpp" />
    <ClCompile Include="indexkey.cpp" />
    <ClCompile Include="instance.cpp" />
    <ClCompile Include="introspect.cpp" />
    <ClCompile Include="jsobj.cpp" />
    <ClCompile Include="json.cpp" />
    <ClCompile Include="lasterror.cpp" />
    <ClCompile Include="matcher.cpp" />
    <ClCompile Include="matcher_covered.cpp" />
    <ClCompile Include="..\util\mmap_win.cpp" />
    <ClCompile Include="modules\mms.cpp" />
    <ClCompile Include="module.cpp" />
    <ClCompile Include="namespace.cpp" />
    <ClCompile Include="nonce.cpp" />
    <ClCompile Include="..\client\parallel.cpp" />
    <ClCompile Include="pdfile.cpp" />
    <ClCompile Include="queryoptimizer.cpp" />
    <ClCompile Include="security.cpp" />
    <ClCompile Include="security_commands.cpp" />
    <ClCompile Include="tests.cpp" />
    <ClCompile Include="queryutil.cpp" />
    <ClCompile Include="..\util\mmap.cpp" />
    <ClCompile Include="..\util\ntservice.cpp" />
    <ClCompile Include="..\util\processinfo_win32.cpp" />
    <ClCompile Include="..\util\util.cpp" />
    <ClCompile Include="..\util\md5main.cpp" />
    <ClCompile Include="..\scripting\engine.cpp" />
    <ClCompile Include="..\scripting\engine_spidermonkey.cpp" />
    <ClCompile Include="..\scripting\utils.cpp" />
    <ClCompile Include="stats\snapshots.cpp" />
    <ClCompile Include="stats\top.cpp" />
    <ClCompile Include="repl\health.cpp" />
    <ClCompile Include="repl\rs.cpp" />
    <ClCompile Include="repl\replset_commands.cpp" />
    <ClCompile Include="repl\rs_config.cpp" />
    <ClCompile Include="..\util\file_allocator.cpp" />
    <ClCompile Include="querypattern.cpp" />
    <ClCompile Include="..\util\ramlog.cpp" />
    <ClCompile Include="key.cpp" />
    <ClCompile Include="btreebuilder.cpp" />
    <ClCompile Include="queryoptimizercursorimpl.cpp" />
    <ClCompile Include="record.cpp" />
    <ClCompile Include="ops\update.cpp" />
    <ClCompile Include="security_common.cpp" />
    <ClCompile Include="ops\query.cpp" />
    <ClCompile Include="..\util\net\httpclient.cpp" />
    <ClCompile Include="..\util\net\message.cpp" />
    <ClCompile Include="..\util\net\message_server_port.cpp" />
    <ClCompile Include="..\util\net\sock.cpp" />
    <ClCompile Include="..\util\net\miniwebserver.cpp" />
    <ClCompile Include="..\util\net\listen.cpp" />
    <ClCompile Include="..\util\net\message_port.cpp" />
    <ClCompile Include="commands\find_and_modify.cpp" />
    <ClCompile Include="..\util\compress.cpp">
      <Filter>snappy</Filter>
    </ClCompile>
    <ClCompile Include="..\..\third_party\snappy\snappy-sinksource.cc">
      <Filter>snappy</Filter>
    </ClCompile>
    <ClCompile Include="..\..\third_party\snappy\snappy.cc">
      <Filter>snappy</Filter>
    </ClCompile>
    <ClCompile Include="scanandorder.cpp" />
    <ClCompile Include="commands\cloud.cpp" />
    <ClCompile Include="commands\pipeline_command.cpp" />
    <ClCompile Include="commands\pipeline.cpp" />
    <ClCompile Include="pipeline\doc_mem_monitor.cpp" />
    <ClCompile Include="pipeline\document.cpp" />
    <ClCompile Include="pipeline\document_source.cpp" />
    <ClCompile Include="pipeline\document_source_bson_array.cpp" />
    <ClCompile Include="pipeline\document_source_command_futures.cpp" />
    <ClCompile Include="pipeline\document_source_filter.cpp" />
    <ClCompile Include="pipeline\document_source_filter_base.cpp" />
    <ClCompile Include="pipeline\document_source_group.cpp" />
    <ClCompile Include="pipeline\document_source_limit.cpp" />
    <ClCompile Include="pipeline\document_source_match.cpp" />
    <ClCompile Include="pipeline\document_source_out.cpp" />
    <ClCompile Include="pipeline\document_source_project.cpp" />
    <ClCompile Include="pipeline\document_source_skip.cpp" />
    <ClCompile Include="pipeline\document_source_sort.cpp" />
    <ClCompile Include="pipeline\document_source_unwind.cpp" />
    <ClCompile Include="pipeline\expression.cpp" />
    <ClCompile Include="pipeline\expression_context.cpp" />
    <ClCompile Include="pipeline\field_path.cpp" />
    <ClCompile Include="pipeline\value.cpp" />
    <ClCompile Include="..\util\intrusive_counter.cpp" />
    <ClCompile Include="..\util\systeminfo_win32.cpp" />
    <ClCompile Include="commands\document_source_cursor.cpp" />
    <ClCompile Include="pagefault.cpp" />
    <ClCompile Include="..\util\concurrency\rwlockimpl.cpp" />
    <ClCompile Include="memconcept.cpp" />
    <ClCompile Include="commands\pipeline_d.cpp" />
    <ClCompile Include="..\util\md5.cpp" />
    <ClCompile Include="..\util\trace.cpp" />
    <ClCompile Include="interrupt_status_mongod.cpp" />
    <ClCompile Include="commands\cloud.cpp">
      <Filter>x</Filter>
    </ClCompile>
    <ClCompile Include="geo\2d.cpp">
      <Filter>x</Filter>
    </ClCompile>
    <ClCompile Include="pipeline\accumulator.cpp">
      <Filter>x</Filter>
    </ClCompile>
    <ClCompile Include="pipeline\accumulator_add_to_set.cpp">
      <Filter>x</Filter>
    </ClCompile>
    <ClCompile Include="pipeline\accumulator_avg.cpp">
      <Filter>x</Filter>
    </ClCompile>
    <ClCompile Include="pipeline\accumulator_first.cpp">
      <Filter>x</Filter>
    </ClCompile>
    <ClCompile Include="pipeline\accumulator_last.cpp">
      <Filter>x</Filter>
    </ClCompile>
    <ClCompile Include="pipeline\accumulator_min_max.cpp">
      <Filter>x</Filter>
    </ClCompile>
    <ClCompile Include="pipeline\accumulator_push.cpp">
      <Filter>x</Filter>
    </ClCompile>
    <ClCompile Include="pipeline\accumulator_single_value.cpp">
      <Filter>x</Filter>
    </ClCompile>
    <ClCompile Include="pipeline\accumulator_sum.cpp">
      <Filter>x</Filter>
    </ClCompile>
    <ClCompile Include="..\util\alignedbuilder.cpp">
      <Filter>x</Filter>
    </ClCompile>
    <ClCompile Include="..\util\assert_util.cpp">
      <Filter>x</Filter>
    </ClCompile>
    <ClCompile Include="..\util\background.cpp">
      <Filter>x</Filter>
    </ClCompile>
    <ClCompile Include="..\util\base64.cpp">
      <Filter>x</Filter>
    </ClCompile>
    <ClCompile Include="..\scripting\bench.cpp">
      <Filter>x</Filter>
    </ClCompile>
    <ClCompile Include="btree.cpp">
      <Filter>x</Filter>
    </ClCompile>
    <ClCompile Include="btreebuilder.cpp">
      <Filter>x</Filter>
    </ClCompile>
    <ClCompile Include="btreecursor.cpp">
      <Filter>x</Filter>
    </ClCompile>
    <ClCompile Include="pipeline\builder.cpp">
      <Filter>x</Filter>
    </ClCompile>
    <ClCompile Include="cap.cpp">
      <Filter>x</Filter>
    </ClCompile>
    <ClCompile Include="..\s\chunk.cpp">
      <Filter>x</Filter>
    </ClCompile>
    <ClCompile Include="client.cpp">
      <Filter>x</Filter>
    </ClCompile>
    <ClCompile Include="clientcursor.cpp">
      <Filter>x</Filter>
    </ClCompile>
    <ClCompile Include="cloner.cpp">
      <Filter>x</Filter>
    </ClCompile>
    <ClCompile Include="..\s\d_split.cpp">
      <Filter>y</Filter>
    </ClCompile>
    <ClCompile Include="cmdline.cpp">
      <Filter>y</Filter>
    </ClCompile>
    <ClCompile Include="commands.cpp">
      <Filter>y</Filter>
    </ClCompile>
    <ClCompile Include="common.cpp">
      <Filter>y</Filter>
    </ClCompile>
    <ClCompile Include="compact.cpp">
      <Filter>y</Filter>
    </ClCompile>
    <ClCompile Include="..\s\config.cpp">
      <Filter>y</Filter>
    </ClCompile>
    <ClCompile Include="..\client\connpool.cpp">
      <Filter>y</Filter>
    </ClCompile>
    <ClCompile Include="ops\count.cpp">
      <Filter>y</Filter>
    </ClCompile>
    <ClCompile Include="stats\counters.cpp">
      <Filter>y</Filter>
    </ClCompile>
    <ClCompile Include="curop.cpp">
      <Filter>y</Filter>
    </ClCompile>
    <ClCompile Include="cursor.cpp">
      <Filter>y</Filter>
    </ClCompile>
    <ClCompile Include="..\s\d_chunk_manager.cpp">
      <Filter>y</Filter>
    </ClCompile>
    <ClCompile Include="d_concurrency.cpp">
      <Filter>y</Filter>
    </ClCompile>
    <ClCompile Include="d_globals.cpp">
      <Filter>y</Filter>
    </ClCompile>
    <ClCompile Include="..\s\d_logic.cpp">
      <Filter>y</Filter>
    </ClCompile>
    <ClCompile Include="..\s\d_migrate.cpp">
      <Filter>y</Filter>
    </ClCompile>
    <ClCompile Include="..\s\d_state.cpp">
      <Filter>z</Filter>
    </ClCompile>
    <ClCompile Include="pipeline\dependency_tracker.cpp">
      <Filter>z</Filter>
    </ClCompile>
    <ClCompile Include="..\s\d_writeback.cpp">
      <Filter>z</Filter>
    </ClCompile>
    <ClCompile Include="database.cpp">
      <Filter>z</Filter>
    </ClCompile>
    <ClCompile Include="db.cpp">
      <Filter>z</Filter>
    </ClCompile>
    <ClCompile Include="..\client\dbclient.cpp">
      <Filter>z</Filter>
    </ClCompile>
    <ClCompile Include="..\client\dbclient_rs.cpp">
      <Filter>z</Filter>
    </ClCompile>
    <ClCompile Include="..\client\dbclientcursor.cpp">
      <Filter>z</Filter>
    </ClCompile>
    <ClCompile Include="dbcommands.cpp">
      <Filter>z</Filter>
    </ClCompile>
    <ClCompile Include="dbcommands_admin.cpp">
      <Filter>z</Filter>
    </ClCompile>
    <ClCompile Include="dbcommands_generic.cpp">
      <Filter>z</Filter>
    </ClCompile>
    <ClCompile Include="dbeval.cpp">
      <Filter>z</Filter>
    </ClCompile>
    <ClCompile Include="dbhelpers.cpp">
      <Filter>z</Filter>
    </ClCompile>
    <ClCompile Include="dbmessage.cpp">
      <Filter>z</Filter>
    </ClCompile>
    <ClCompile Include="dbwebserver.cpp">
      <Filter>z</Filter>
    </ClCompile>
    <ClCompile Include="..\s\default_version.cpp">
      <Filter>z</Filter>
    </ClCompile>
    <ClCompile Include="ops\delete.cpp">
      <Filter>z</Filter>
    </ClCompile>
    <ClCompile Include="repl\consensus.cpp">
      <Filter>z</Filter>
    </ClCompile>
    <ClCompile Include="explain.cpp" />
    <ClCompile Include="..\..\third_party\pcre-8.30\pcreposix.c">
      <Filter>pcre-8.30</Filter>
    </ClCompile>
    <ClCompile Include="..\..\third_party\pcre-8.30\pcre_chartables.c">
      <Filter>pcre-8.30</Filter>
    </ClCompile>
    <ClCompile Include="..\..\third_party\pcre-8.30\pcre_compile.c">
      <Filter>pcre-8.30</Filter>
    </ClCompile>
    <ClCompile Include="..\..\third_party\pcre-8.30\pcre_config.c">
      <Filter>pcre-8.30</Filter>
    </ClCompile>
    <ClCompile Include="..\..\third_party\pcre-8.30\pcre_dfa_exec.c">
      <Filter>pcre-8.30</Filter>
    </ClCompile>
    <ClCompile Include="..\..\third_party\pcre-8.30\pcre_exec.c">
      <Filter>pcre-8.30</Filter>
    </ClCompile>
    <ClCompile Include="..\..\third_party\pcre-8.30\pcre_fullinfo.c">
      <Filter>pcre-8.30</Filter>
    </ClCompile>
    <ClCompile Include="..\..\third_party\pcre-8.30\pcre_get.c">
      <Filter>pcre-8.30</Filter>
    </ClCompile>
    <ClCompile Include="..\..\third_party\pcre-8.30\pcre_globals.c">
      <Filter>pcre-8.30</Filter>
    </ClCompile>
    <ClCompile Include="..\..\third_party\pcre-8.30\pcre_maketables.c">
      <Filter>pcre-8.30</Filter>
    </ClCompile>
    <ClCompile Include="..\..\third_party\pcre-8.30\pcre_newline.c">
      <Filter>pcre-8.30</Filter>
    </ClCompile>
    <ClCompile Include="..\..\third_party\pcre-8.30\pcre_ord2utf8.c">
      <Filter>pcre-8.30</Filter>
    </ClCompile>
    <ClCompile Include="..\..\third_party\pcre-8.30\pcre_refcount.c">
      <Filter>pcre-8.30</Filter>
    </ClCompile>
    <ClCompile Include="..\..\third_party\pcre-8.30\pcre_scanner.cc">
      <Filter>pcre-8.30</Filter>
    </ClCompile>
    <ClCompile Include="..\..\third_party\pcre-8.30\pcre_stringpiece.cc">
      <Filter>pcre-8.30</Filter>
    </ClCompile>
    <ClCompile Include="..\..\third_party\pcre-8.30\pcre_study.c">
      <Filter>pcre-8.30</Filter>
    </ClCompile>
    <ClCompile Include="..\..\third_party\pcre-8.30\pcre_tables.c">
      <Filter>pcre-8.30</Filter>
    </ClCompile>
    <ClCompile Include="..\..\third_party\pcre-8.30\pcre_ucd.c">
      <Filter>pcre-8.30</Filter>
    </ClCompile>
    <ClCompile Include="..\..\third_party\pcre-8.30\pcre_valid_utf8.c">
      <Filter>pcre-8.30</Filter>
    </ClCompile>
    <ClCompile Include="..\..\third_party\pcre-8.30\pcre_version.c">
      <Filter>pcre-8.30</Filter>
    </ClCompile>
    <ClCompile Include="..\..\third_party\pcre-8.30\pcre_xclass.c">
      <Filter>pcre-8.30</Filter>
    </ClCompile>
    <ClCompile Include="..\..\third_party\pcre-8.30\pcrecpp.cc">
      <Filter>pcre-8.30</Filter>
    </ClCompile>
    <ClCompile Include="..\..\third_party\boost\libs\system\src\error_code.cpp">
      <Filter>Boost</Filter>
    </ClCompile>
    <ClCompile Include="..\..\third_party\boost\libs\thread\src\win32\thread.cpp">
      <Filter>Boost</Filter>
    </ClCompile>
    <ClCompile Include="..\..\third_party\boost\libs\thread\src\win32\tss_dll.cpp">
      <Filter>Boost</Filter>
    </ClCompile>
    <ClCompile Include="..\..\third_party\boost\libs\thread\src\win32\tss_pe.cpp">
      <Filter>Boost</Filter>
    </ClCompile>
    <ClCompile Include="..\..\third_party\boost\libs\filesystem\v2\src\v2_operations.cpp">
      <Filter>Boost</Filter>
    </ClCompile>
    <ClCompile Include="..\..\third_party\boost\libs\filesystem\v2\src\v2_path.cpp">
      <Filter>Boost</Filter>
    </ClCompile>
    <ClCompile Include="..\..\third_party\boost\libs\filesystem\v2\src\v2_portability.cpp">
      <Filter>Boost</Filter>
    </ClCompile>
    <ClCompile Include="..\..\third_party\boost\libs\filesystem\v3\src\codecvt_error_category.cpp">
      <Filter>Boost</Filter>
    </ClCompile>
    <ClCompile Include="..\..\third_party\boost\libs\filesystem\v3\src\operations.cpp">
      <Filter>Boost</Filter>
    </ClCompile>
    <ClCompile Include="..\..\third_party\boost\libs\filesystem\v3\src\path.cpp">
      <Filter>Boost</Filter>
    </ClCompile>
    <ClCompile Include="..\..\third_party\boost\libs\filesystem\v3\src\path_traits.cpp">
      <Filter>Boost</Filter>
    </ClCompile>
    <ClCompile Include="..\..\third_party\boost\libs\filesystem\v3\src\portability.cpp">
      <Filter>Boost</Filter>
    </ClCompile>
    <ClCompile Include="..\..\third_party\boost\libs\filesystem\v3\src\unique_path.cpp">
      <Filter>Boost</Filter>
    </ClCompile>
    <ClCompile Include="..\..\third_party\boost\libs\filesystem\v3\src\utf8_codecvt_facet.cpp">
      <Filter>Boost</Filter>
    </ClCompile>
    <ClCompile Include="..\..\third_party\boost\libs\filesystem\v3\src\windows_file_codecvt.cpp">
      <Filter>Boost</Filter>
    </ClCompile>
    <ClCompile Include="..\..\third_party\boost\libs\program_options\src\cmdline.cpp">
      <Filter>Boost</Filter>
    </ClCompile>
    <ClCompile Include="..\..\third_party\boost\libs\program_options\src\config_file.cpp">
      <Filter>Boost</Filter>
    </ClCompile>
    <ClCompile Include="..\..\third_party\boost\libs\program_options\src\convert.cpp">
      <Filter>Boost</Filter>
    </ClCompile>
    <ClCompile Include="..\..\third_party\boost\libs\program_options\src\options_description.cpp">
      <Filter>Boost</Filter>
    </ClCompile>
    <ClCompile Include="..\..\third_party\boost\libs\program_options\src\parsers.cpp">
      <Filter>Boost</Filter>
    </ClCompile>
    <ClCompile Include="..\..\third_party\boost\libs\program_options\src\positional_options.cpp">
      <Filter>Boost</Filter>
    </ClCompile>
    <ClCompile Include="..\..\third_party\boost\libs\program_options\src\split.cpp">
      <Filter>Boost</Filter>
    </ClCompile>
    <ClCompile Include="..\..\third_party\boost\libs\program_options\src\utf8_codecvt_facet.cpp">
      <Filter>Boost</Filter>
    </ClCompile>
    <ClCompile Include="..\..\third_party\boost\libs\program_options\src\value_semantic.cpp">
      <Filter>Boost</Filter>
    </ClCompile>
    <ClCompile Include="..\..\third_party\boost\libs\program_options\src\variables_map.cpp">
      <Filter>Boost</Filter>
    </ClCompile>
    <ClCompile Include="..\..\third_party\boost\libs\program_options\src\winmain.cpp">
      <Filter>Boost</Filter>
    </ClCompile>
    <ClCompile Include="..\util\progress_meter.cpp" />
    <ClCompile Include="namespace_details.cpp" />
    <ClCompile Include="..\util\debug_util.cpp" />
    <ClCompile Include="..\util\startup_test.cpp" />
    <ClCompile Include="..\util\stacktrace.cpp" />
    <ClCompile Include="commands\fsync.cpp">
      <Filter>db\commands</Filter>
    </ClCompile>
    <ClCompile Include="..\util\timer.cpp" />
  </ItemGroup>
  <ItemGroup>
    <ClInclude Include="..\client\distlock.h" />
    <ClInclude Include="..\client\gridfs.h" />
    <ClInclude Include="..\client\parallel.h" />
    <ClInclude Include="..\targetver.h" />
    <ClInclude Include="..\util\concurrency\rwlock.h" />
    <ClInclude Include="..\util\concurrency\msg.h" />
    <ClInclude Include="..\util\concurrency\mutex.h" />
    <ClInclude Include="..\util\concurrency\mvar.h" />
    <ClInclude Include="..\util\concurrency\task.h" />
    <ClInclude Include="..\util\concurrency\thread_pool.h" />
    <ClInclude Include="..\util\logfile.h" />
    <ClInclude Include="..\util\mongoutils\html.h" />
    <ClInclude Include="..\util\mongoutils\str.h" />
    <ClInclude Include="..\util\paths.h" />
    <ClInclude Include="..\util\ramlog.h" />
    <ClInclude Include="..\util\text.h" />
    <ClInclude Include="..\util\time_support.h" />
    <ClInclude Include="durop.h" />
    <ClInclude Include="dur_commitjob.h" />
    <ClInclude Include="dur_journal.h" />
    <ClInclude Include="dur_journalformat.h" />
    <ClInclude Include="dur_stats.h" />
    <ClInclude Include="instance.h" />
    <ClInclude Include="mongommf.h" />
    <ClInclude Include="mongomutex.h" />
    <ClInclude Include="namespace-inl.h" />
    <ClInclude Include="oplogreader.h" />
    <ClInclude Include="projection.h" />
    <ClInclude Include="repl.h" />
    <ClInclude Include="replpair.h" />
    <ClInclude Include="repl\multicmd.h" />
    <ClInclude Include="repl\rsmember.h" />
    <ClInclude Include="repl\rs_optime.h" />
    <ClInclude Include="stats\snapshots.h" />
    <ClInclude Include="stats\top.h" />
    <ClInclude Include="..\client\model.h" />
    <ClInclude Include="..\client\redef_macros.h" />
    <ClInclude Include="..\client\syncclusterconnection.h" />
    <ClInclude Include="..\client\undef_macros.h" />
    <ClInclude Include="diskloc.h" />
    <ClInclude Include="index.h" />
    <ClInclude Include="indexkey.h" />
    <ClInclude Include="introspect.h" />
    <ClInclude Include="json.h" />
    <ClInclude Include="matcher.h" />
    <ClInclude Include="namespace.h" />
    <ClInclude Include="..\pch.h" />
    <ClInclude Include="pdfile.h" />
    <ClInclude Include="..\grid\protocol.h" />
    <ClInclude Include="query.h" />
    <ClInclude Include="queryoptimizer.h" />
    <ClInclude Include="resource.h" />
    <ClInclude Include="scanandorder.h" />
    <ClInclude Include="security.h" />
    <ClInclude Include="..\util\embedded_builder.h" />
    <ClInclude Include="..\util\file.h" />
    <ClInclude Include="..\util\file_allocator.h" />
    <ClInclude Include="..\util\goodies.h" />
    <ClInclude Include="..\util\hashtab.h" />
    <ClInclude Include="..\util\hex.h" />
    <ClInclude Include="lasterror.h" />
    <ClInclude Include="..\util\log.h" />
    <ClInclude Include="..\util\lruishmap.h" />
    <ClInclude Include="..\util\mmap.h" />
    <ClInclude Include="..\util\ntservice.h" />
    <ClInclude Include="..\util\optime.h" />
    <ClInclude Include="..\util\processinfo.h" />
    <ClInclude Include="..\util\queue.h" />
    <ClInclude Include="..\util\ramstore.h" />
    <ClInclude Include="..\util\unittest.h" />
    <ClInclude Include="..\util\concurrency\list.h" />
    <ClInclude Include="..\util\concurrency\value.h" />
    <ClInclude Include="..\util\web\html.h" />
    <ClInclude Include="..\util\md5.h" />
    <ClInclude Include="..\util\md5.hpp" />
    <ClInclude Include="..\scripting\engine.h" />
    <ClInclude Include="..\scripting\engine_spidermonkey.h" />
    <ClInclude Include="..\scripting\engine_v8.h" />
    <ClInclude Include="..\scripting\v8_db.h" />
    <ClInclude Include="..\scripting\v8_utils.h" />
    <ClInclude Include="..\scripting\v8_wrapper.h" />
    <ClInclude Include="repl\health.h" />
    <ClInclude Include="repl\rs.h" />
    <ClInclude Include="repl\rs_config.h" />
    <ClInclude Include="jsobj.h" />
    <ClInclude Include="..\bson\oid.h" />
    <ClInclude Include="..\bson\ordering.h" />
    <ClInclude Include="dur_journalimpl.h" />
    <ClInclude Include="..\util\concurrency\race.h" />
    <ClInclude Include="queryutil.h" />
    <ClInclude Include="..\bson\inline_decls.h" />
    <ClInclude Include="..\bson\stringdata.h" />
    <ClInclude Include="..\bson\util\misc.h" />
    <ClInclude Include="ops\update.h" />
    <ClInclude Include="..\util\net\httpclient.h" />
    <ClInclude Include="..\util\net\message.h" />
    <ClInclude Include="..\util\net\message_server.h" />
    <ClInclude Include="..\util\net\sock.h" />
    <ClInclude Include="..\..\third_party\snappy\config.h">
      <Filter>snappy</Filter>
    </ClInclude>
    <ClInclude Include="..\..\third_party\snappy\snappy.h">
      <Filter>snappy</Filter>
    </ClInclude>
    <ClInclude Include="..\..\third_party\pcre-8.30\config.h" />
    <ClInclude Include="globals.h" />
    <ClInclude Include="..\util\net\hostandport.h" />
    <ClInclude Include="..\util\net\listen.h" />
    <ClInclude Include="..\util\net\message_port.h" />
    <ClInclude Include="..\util\net\miniwebserver.h" />
    <ClInclude Include="pipeline\doc_mem_monitor.h" />
    <ClInclude Include="pipeline\document.h" />
    <ClInclude Include="pipeline\document_source.h" />
    <ClInclude Include="pipeline\expression.h" />
    <ClInclude Include="pipeline\expression_context.h" />
    <ClInclude Include="pipeline\field_path.h" />
    <ClInclude Include="pipeline\value.h" />
    <ClInclude Include="..\util\intrusive_counter.h" />
    <ClInclude Include="..\util\systeminfo.h" />
    <ClInclude Include="namespacestring.h" />
    <ClInclude Include="pagefault.h" />
    <ClInclude Include="..\util\concurrency\mapsf.h" />
    <ClInclude Include="..\util\concurrency\rwlockimpl.h" />
    <ClInclude Include="commands\pipeline_d.h" />
    <ClInclude Include="commands\pipeline.h" />
    <ClInclude Include="pipeline\dependency_tracker.h" />
    <ClInclude Include="..\util\trace.h" />
    <ClInclude Include="interrupt_status.h" />
    <ClInclude Include="interrupt_status_mongod.h" />
    <ClInclude Include="..\util\concurrency\qlock.h" />
    <ClInclude Include="pipeline\accumulator.h">
      <Filter>x</Filter>
    </ClInclude>
    <ClInclude Include="..\util\alignedbuilder.h">
      <Filter>x</Filter>
    </ClInclude>
    <ClInclude Include="..\util\allocator.h">
      <Filter>x</Filter>
    </ClInclude>
    <ClInclude Include="..\util\array.h">
      <Filter>x</Filter>
    </ClInclude>
    <ClInclude Include="..\util\assert_util.h">
      <Filter>x</Filter>
    </ClInclude>
    <ClInclude Include="..\bson\util\atomic_int.h">
      <Filter>x</Filter>
    </ClInclude>
    <ClInclude Include="..\util\background.h">
      <Filter>x</Filter>
    </ClInclude>
    <ClInclude Include="background.h">
      <Filter>x</Filter>
    </ClInclude>
    <ClInclude Include="..\util\base64.h">
      <Filter>x</Filter>
    </ClInclude>
    <ClInclude Include="..\bson\bson-inl.h">
      <Filter>x</Filter>
    </ClInclude>
    <ClInclude Include="..\bson\bson.h">
      <Filter>x</Filter>
    </ClInclude>
    <ClInclude Include="..\bson\bson_db.h">
      <Filter>x</Filter>
    </ClInclude>
    <ClInclude Include="..\bson\bsonelement.h">
      <Filter>x</Filter>
    </ClInclude>
    <ClInclude Include="..\bson\bsoninlines.h">
      <Filter>x</Filter>
    </ClInclude>
    <ClInclude Include="..\bson\bsonmisc.h">
      <Filter>x</Filter>
    </ClInclude>
    <ClInclude Include="..\bson\bsonobj.h">
      <Filter>x</Filter>
    </ClInclude>
    <ClInclude Include="..\bson\bsonobjbuilder.h">
      <Filter>x</Filter>
    </ClInclude>
    <ClInclude Include="..\bson\bsonobjiterator.h">
      <Filter>x</Filter>
    </ClInclude>
    <ClInclude Include="..\bson\bsontypes.h">
      <Filter>x</Filter>
    </ClInclude>
    <ClInclude Include="btree.h">
      <Filter>x</Filter>
    </ClInclude>
    <ClInclude Include="pipeline\builder.h">
      <Filter>x</Filter>
    </ClInclude>
    <ClInclude Include="..\bson\util\builder.h">
      <Filter>x</Filter>
    </ClInclude>
    <ClInclude Include="..\util\builder.h">
      <Filter>x</Filter>
    </ClInclude>
    <ClInclude Include="..\util\mongoutils\checksum.h">
      <Filter>x</Filter>
    </ClInclude>
    <ClInclude Include="client.h">
      <Filter>x</Filter>
    </ClInclude>
    <ClInclude Include="clientcursor.h">
      <Filter>x</Filter>
    </ClInclude>
    <ClInclude Include="cmdline.h">
      <Filter>y</Filter>
    </ClInclude>
    <ClInclude Include="commands.h">
      <Filter>y</Filter>
    </ClInclude>
    <ClInclude Include="concurrency.h">
      <Filter>y</Filter>
    </ClInclude>
    <ClInclude Include="repl\connections.h">
      <Filter>y</Filter>
    </ClInclude>
    <ClInclude Include="..\client\connpool.h">
      <Filter>y</Filter>
    </ClInclude>
    <ClInclude Include="geo\core.h">
      <Filter>y</Filter>
    </ClInclude>
    <ClInclude Include="ops\count.h">
      <Filter>y</Filter>
    </ClInclude>
    <ClInclude Include="stats\counters.h">
      <Filter>y</Filter>
    </ClInclude>
    <ClInclude Include="curop.h">
      <Filter>y</Filter>
    </ClInclude>
    <ClInclude Include="cursor.h">
      <Filter>y</Filter>
    </ClInclude>
    <ClInclude Include="d_concurrency.h">
      <Filter>y</Filter>
    </ClInclude>
    <ClInclude Include="d_globals.h">
      <Filter>y</Filter>
    </ClInclude>
    <ClInclude Include="..\s\d_logic.h">
      <Filter>y</Filter>
    </ClInclude>
    <ClInclude Include="database.h">
      <Filter>z</Filter>
    </ClInclude>
    <ClInclude Include="databaseholder.h">
      <Filter>z</Filter>
    </ClInclude>
    <ClInclude Include="db.h">
      <Filter>z</Filter>
    </ClInclude>
    <ClInclude Include="..\client\dbclient.h">
      <Filter>z</Filter>
    </ClInclude>
    <ClInclude Include="..\client\dbclientcursor.h">
      <Filter>z</Filter>
    </ClInclude>
    <ClInclude Include="dbhelpers.h">
      <Filter>z</Filter>
    </ClInclude>
    <ClInclude Include="dbinfo.h">
      <Filter>z</Filter>
    </ClInclude>
    <ClInclude Include="helpers\dblogger.h">
      <Filter>z</Filter>
    </ClInclude>
    <ClInclude Include="dbmessage.h">
      <Filter>z</Filter>
    </ClInclude>
    <ClInclude Include="..\util\debug_util.h">
      <Filter>z</Filter>
    </ClInclude>
    <ClInclude Include="ops\delete.h">
      <Filter>z</Filter>
    </ClInclude>
    <ClInclude Include="queryoptimizercursorimpl.h" />
    <ClInclude Include="explain.h" />
    <ClInclude Include="..\..\third_party\pcre-8.30\pcre.h">
      <Filter>pcre-8.30</Filter>
    </ClInclude>
    <ClInclude Include="..\util\progress_meter.h" />
    <ClInclude Include="namespace_details.h" />
    <ClInclude Include="namespace_details-inl.h" />
    <ClInclude Include="..\util\concurrency\remap_lock.h" />
    <ClInclude Include="index_insertion_continuation.h">
      <Filter>db</Filter>
    </ClInclude>
    <ClInclude Include="lockstat.h">
      <Filter>db</Filter>
    </ClInclude>
    <ClInclude Include="..\util\stacktrace.h" />
    <ClInclude Include="..\util\timer.h" />
    <ClInclude Include="..\util\timer-win32-inl.h" />
  </ItemGroup>
  <ItemGroup>
    <None Include="..\jstests\dur\dur1.js" />
    <None Include="..\jstests\replsets\replset1.js" />
    <None Include="..\jstests\replsets\replset2.js" />
    <None Include="..\jstests\replsets\replset3.js" />
    <None Include="..\jstests\replsets\replset4.js" />
    <None Include="..\jstests\replsets\replset5.js" />
    <None Include="..\jstests\replsets\replsetadd.js" />
    <None Include="..\jstests\replsets\replsetarb1.js" />
    <None Include="..\jstests\replsets\replsetarb2.js" />
    <None Include="..\jstests\replsets\replsetprio1.js" />
    <None Include="..\jstests\replsets\replsetrestart1.js" />
    <None Include="..\jstests\replsets\replsetrestart2.js" />
    <None Include="..\jstests\replsets\replset_remove_node.js" />
    <None Include="..\jstests\replsets\rollback.js" />
    <None Include="..\jstests\replsets\rollback2.js" />
    <None Include="..\jstests\replsets\sync1.js" />
    <None Include="..\jstests\replsets\twosets.js" />
    <None Include="..\SConstruct" />
    <None Include="..\util\mongoutils\README" />
    <None Include="mongo.ico" />
    <None Include="repl\notes.txt" />
    <None Include="..\jstests\dur\basic1.sh">
      <Filter>x</Filter>
    </None>
  </ItemGroup>
  <ItemGroup>
    <Library Include="..\..\..\..\js\js32d.lib" />
    <Library Include="..\..\..\..\js\js32r.lib" />
    <Library Include="..\..\..\..\js\js64d.lib" />
    <Library Include="..\..\..\..\js\js64r.lib" />
  </ItemGroup>
  <ItemGroup>
    <Filter Include="snappy">
      <UniqueIdentifier>{bb99c086-7926-4f50-838d-f5f0c18397c0}</UniqueIdentifier>
    </Filter>
    <Filter Include="x">
      <UniqueIdentifier>{adfce371-d602-47e0-8381-1edc0c4a9d4a}</UniqueIdentifier>
    </Filter>
    <Filter Include="y">
      <UniqueIdentifier>{dcc9ad44-6142-4272-8253-f3d4ff322f00}</UniqueIdentifier>
    </Filter>
    <Filter Include="z">
      <UniqueIdentifier>{263b94d7-3bc6-41e2-9f3e-808558c2a92e}</UniqueIdentifier>
    </Filter>
    <Filter Include="db">
      <UniqueIdentifier>{c666c392-87aa-4438-8e2a-e3b31442889f}</UniqueIdentifier>
    </Filter>
    <Filter Include="db\commands">
      <UniqueIdentifier>{ecca6cd2-cb88-4e36-9bf4-21ca22bbc3e6}</UniqueIdentifier>
    </Filter>
  </ItemGroup>
  <ItemGroup>
    <ResourceCompile Include="db.rc">
      <Filter>z</Filter>
    </ResourceCompile>
    <Filter Include="pcre-8.30">
      <UniqueIdentifier>{108f083d-3e32-4e36-9780-36b1ee587860}</UniqueIdentifier>
    </Filter>
    <Filter Include="Boost">
      <UniqueIdentifier>{bdc5ddb3-807b-4ded-962d-45b196271d00}</UniqueIdentifier>
    </Filter>
  </ItemGroup>
</Project>