
Microsoft Visual Studio Solution File, Format Version 10.00
# Visual Studio 2008
Project("{8BC9CEB8-8B4A-11D0-8D11-00A0C91BC942}") = "boost", "boost.vcproj", "{B5B94CCD-0FE4-4DFD-9FE5-73DE0C0E161D}"
EndProject
Global
	GlobalSection(SolutionConfigurationPlatforms) = preSolution
		Debug|Win32 = Debug|Win32
		Release|Win32 = Release|Win32
	EndGlobalSection
	GlobalSection(ProjectConfigurationPlatforms) = postSolution
		{B5B94CCD-0FE4-4DFD-9FE5-73DE0C0E161D}.Debug|Win32.ActiveCfg = Debug|Win32
		{B5B94CCD-0FE4-4DFD-9FE5-73DE0C0E161D}.Debug|Win32.Build.0 = Debug|Win32
		{B5B94CCD-0FE4-4DFD-9FE5-73DE0C0E161D}.Release|Win32.ActiveCfg = Release|Win32
		{B5B94CCD-0FE4-4DFD-9FE5-73DE0C0E161D}.Release|Win32.Build.0 = Release|Win32
	EndGlobalSection
	GlobalSection(SolutionProperties) = preSolution
		HideSolutionNode = FALSE
	EndGlobalSection
EndGlobal
