<?xml version="1.0" encoding="utf-8"?>
<Project ToolsVersion="4.0" xmlns="http://schemas.microsoft.com/developer/msbuild/2003">
  <ItemGroup>
    <ClCompile Include="repl\replset_commands.cpp">
      <Filter>replSets</Filter>
    </ClCompile>
    <ClCompile Include="repl\rs_config.cpp">
      <Filter>replSets</Filter>
    </ClCompile>
    <ClCompile Include="repl\health.cpp">
      <Filter>replSets</Filter>
    </ClCompile>
    <ClCompile Include="btree.cpp">
      <Filter>db\btree</Filter>
    </ClCompile>
    <ClCompile Include="btreecursor.cpp">
      <Filter>db\btree</Filter>
    </ClCompile>
    <ClCompile Include="repl\consensus.cpp">
      <Filter>replSets</Filter>
    </ClCompile>
    <ClCompile Include="..\client\connpool.cpp">
      <Filter>client</Filter>
    </ClCompile>
    <ClCompile Include="..\client\dbclient.cpp">
      <Filter>client</Filter>
    </ClCompile>
    <ClCompile Include="..\client\dbclientcursor.cpp">
      <Filter>client</Filter>
    </ClCompile>
    <ClCompile Include="repl\manager.cpp">
      <Filter>replSets</Filter>
    </ClCompile>
    <ClCompile Include="..\pcre-7.4\pcreposix.c">
      <Filter>util\pcre</Filter>
    </ClCompile>
    <ClCompile Include="..\pcre-7.4\pcre_chartables.c">
      <Filter>util\pcre</Filter>
    </ClCompile>
    <ClCompile Include="..\pcre-7.4\pcre_compile.c">
      <Filter>util\pcre</Filter>
    </ClCompile>
    <ClCompile Include="..\pcre-7.4\pcre_config.c">
      <Filter>util\pcre</Filter>
    </ClCompile>
    <ClCompile Include="..\pcre-7.4\pcre_dfa_exec.c">
      <Filter>util\pcre</Filter>
    </ClCompile>
    <ClCompile Include="..\pcre-7.4\pcre_exec.c">
      <Filter>util\pcre</Filter>
    </ClCompile>
    <ClCompile Include="..\pcre-7.4\pcre_fullinfo.c">
      <Filter>util\pcre</Filter>
    </ClCompile>
    <ClCompile Include="..\pcre-7.4\pcre_get.c">
      <Filter>util\pcre</Filter>
    </ClCompile>
    <ClCompile Include="..\pcre-7.4\pcre_globals.c">
      <Filter>util\pcre</Filter>
    </ClCompile>
    <ClCompile Include="..\pcre-7.4\pcre_info.c">
      <Filter>util\pcre</Filter>
    </ClCompile>
    <ClCompile Include="..\pcre-7.4\pcre_maketables.c">
      <Filter>util\pcre</Filter>
    </ClCompile>
    <ClCompile Include="..\pcre-7.4\pcre_newline.c">
      <Filter>util\pcre</Filter>
    </ClCompile>
    <ClCompile Include="..\pcre-7.4\pcre_ord2utf8.c">
      <Filter>util\pcre</Filter>
    </ClCompile>
    <ClCompile Include="..\pcre-7.4\pcre_refcount.c">
      <Filter>util\pcre</Filter>
    </ClCompile>
    <ClCompile Include="..\pcre-7.4\pcre_scanner.cc">
      <Filter>util\pcre</Filter>
    </ClCompile>
    <ClCompile Include="..\pcre-7.4\pcre_stringpiece.cc">
      <Filter>util\pcre</Filter>
    </ClCompile>
    <ClCompile Include="..\pcre-7.4\pcre_study.c">
      <Filter>util\pcre</Filter>
    </ClCompile>
    <ClCompile Include="..\pcre-7.4\pcre_tables.c">
      <Filter>util\pcre</Filter>
    </ClCompile>
    <ClCompile Include="..\pcre-7.4\pcre_try_flipped.c">
      <Filter>util\pcre</Filter>
    </ClCompile>
    <ClCompile Include="..\pcre-7.4\pcre_ucp_searchfuncs.c">
      <Filter>util\pcre</Filter>
    </ClCompile>
    <ClCompile Include="..\pcre-7.4\pcre_valid_utf8.c">
      <Filter>util\pcre</Filter>
    </ClCompile>
    <ClCompile Include="..\pcre-7.4\pcre_version.c">
      <Filter>util\pcre</Filter>
    </ClCompile>
    <ClCompile Include="..\pcre-7.4\pcre_xclass.c">
      <Filter>util\pcre</Filter>
    </ClCompile>
    <ClCompile Include="..\pcre-7.4\pcrecpp.cc">
      <Filter>util\pcre</Filter>
    </ClCompile>
    <ClCompile Include="repl\rs_initiate.cpp">
      <Filter>replSets</Filter>
    </ClCompile>
    <ClCompile Include="..\util\concurrency\vars.cpp">
      <Filter>util\concurrency</Filter>
    </ClCompile>
    <ClCompile Include="..\util\concurrency\task.cpp">
      <Filter>util\concurrency</Filter>
    </ClCompile>
    <ClCompile Include="repl\heartbeat.cpp">
      <Filter>replSets</Filter>
    </ClCompile>
    <ClCompile Include="..\scripting\engine_spidermonkey.cpp">
      <Filter>scripting</Filter>
    </ClCompile>
    <ClCompile Include="..\scripting\engine.cpp">
      <Filter>scripting</Filter>
    </ClCompile>
    <ClCompile Include="..\scripting\utils.cpp">
      <Filter>scripting</Filter>
    </ClCompile>
    <ClCompile Include="..\client\syncclusterconnection.cpp">
      <Filter>client</Filter>
    </ClCompile>
    <ClCompile Include="repl\rs.cpp">
      <Filter>replSets</Filter>
    </ClCompile>
    <ClCompile Include="oplog.cpp">
      <Filter>repl_old</Filter>
    </ClCompile>
    <ClCompile Include="client.cpp">
      <Filter>db\core</Filter>
    </ClCompile>
    <ClCompile Include="clientcursor.cpp">
      <Filter>db\core</Filter>
    </ClCompile>
    <ClCompile Include="cloner.cpp">
      <Filter>repl_old</Filter>
    </ClCompile>
    <ClCompile Include="cmdline.cpp">
      <Filter>db\core</Filter>
    </ClCompile>
    <ClCompile Include="commands.cpp">
      <Filter>db\core</Filter>
    </ClCompile>
    <ClCompile Include="common.cpp">
      <Filter>db\core</Filter>
    </ClCompile>
    <ClCompile Include="stats\counters.cpp">
      <Filter>db\core</Filter>
    </ClCompile>
    <ClCompile Include="cursor.cpp">
      <Filter>db\core</Filter>
    </ClCompile>
    <ClCompile Include="..\s\d_util.cpp">
      <Filter>sharding</Filter>
    </ClCompile>
    <ClCompile Include="..\s\d_logic.cpp">
      <Filter>sharding</Filter>
    </ClCompile>
    <ClCompile Include="database.cpp">
      <Filter>db\core</Filter>
    </ClCompile>
    <ClCompile Include="db.cpp">
      <Filter>db\core</Filter>
    </ClCompile>
    <ClCompile Include="dbeval.cpp">
      <Filter>db\core</Filter>
    </ClCompile>
    <ClCompile Include="dbcommands.cpp">
      <Filter>db\core</Filter>
    </ClCompile>
    <ClCompile Include="dbcommands_admin.cpp">
      <Filter>db\core</Filter>
    </ClCompile>
    <ClCompile Include="dbhelpers.cpp">
      <Filter>db\core</Filter>
    </ClCompile>
    <ClCompile Include="extsort.cpp">
      <Filter>db\core</Filter>
    </ClCompile>
    <ClCompile Include="dbwebserver.cpp">
      <Filter>db\core</Filter>
    </ClCompile>
    <ClCompile Include="..\util\httpclient.cpp">
      <Filter>util\core</Filter>
    </ClCompile>
    <ClCompile Include="index.cpp">
      <Filter>db\core</Filter>
    </ClCompile>
    <ClCompile Include="indexkey.cpp">
      <Filter>db\core</Filter>
    </ClCompile>
    <ClCompile Include="instance.cpp">
      <Filter>db\core</Filter>
    </ClCompile>
    <ClCompile Include="introspect.cpp">
      <Filter>db\core</Filter>
    </ClCompile>
    <ClCompile Include="jsobj.cpp">
      <Filter>db\core</Filter>
    </ClCompile>
    <ClCompile Include="json.cpp">
      <Filter>db\core</Filter>
    </ClCompile>
    <ClCompile Include="..\util\md5.c">
      <Filter>util\core</Filter>
    </ClCompile>
    <ClCompile Include="matcher_covered.cpp">
      <Filter>db\core</Filter>
    </ClCompile>
    <ClCompile Include="lasterror.cpp">
      <Filter>db\core</Filter>
    </ClCompile>
    <ClCompile Include="matcher.cpp">
      <Filter>db\core</Filter>
    </ClCompile>
    <ClCompile Include="..\util\message_server_port.cpp">
      <Filter>util\core</Filter>
    </ClCompile>
    <ClCompile Include="..\util\md5main.cpp">
      <Filter>util\core</Filter>
    </ClCompile>
    <ClCompile Include="..\util\message.cpp">
      <Filter>util\core</Filter>
    </ClCompile>
    <ClCompile Include="modules\mms.cpp">
      <Filter>db\modules</Filter>
    </ClCompile>
    <ClCompile Include="..\util\mmap.cpp">
      <Filter>util\core</Filter>
    </ClCompile>
    <ClCompile Include="..\util\mmap_win.cpp">
      <Filter>util\core</Filter>
    </ClCompile>
    <ClCompile Include="module.cpp">
      <Filter>db\core</Filter>
    </ClCompile>
    <ClCompile Include="mr.cpp">
      <Filter>db\core</Filter>
    </ClCompile>
    <ClCompile Include="namespace.cpp">
      <Filter>db\core</Filter>
    </ClCompile>
    <ClCompile Include="nonce.cpp">
      <Filter>db\core</Filter>
    </ClCompile>
    <ClCompile Include="..\util\ntservice.cpp">
      <Filter>util\core</Filter>
    </ClCompile>
    <ClCompile Include="queryutil.cpp">
      <Filter>db\core</Filter>
    </ClCompile>
    <ClCompile Include="..\client\parallel.cpp">
      <Filter>db\core</Filter>
    </ClCompile>
    <ClCompile Include="pdfile.cpp">
      <Filter>db\core</Filter>
    </ClCompile>
    <ClCompile Include="query.cpp">
      <Filter>db\core</Filter>
    </ClCompile>
    <ClCompile Include="queryoptimizer.cpp">
      <Filter>db\core</Filter>
    </ClCompile>
    <ClCompile Include="..\util\ramstore.cpp">
      <Filter>db\storage engine</Filter>
    </ClCompile>
    <ClCompile Include="repl_block.cpp">
      <Filter>repl_old</Filter>
    </ClCompile>
    <ClCompile Include="repl.cpp">
      <Filter>repl_old</Filter>
    </ClCompile>
    <ClCompile Include="..\s\shardconnection.cpp">
      <Filter>sharding</Filter>
    </ClCompile>
    <ClCompile Include="..\util\sock.cpp">
      <Filter>util\core</Filter>
    </ClCompile>
    <ClCompile Include="..\util\util.cpp">
      <Filter>util\core</Filter>
    </ClCompile>
    <ClCompile Include="security.cpp">
      <Filter>util\core</Filter>
    </ClCompile>
    <ClCompile Include="security_commands.cpp">
      <Filter>util\core</Filter>
    </ClCompile>
    <ClCompile Include="stats\snapshots.cpp">
      <Filter>util\core</Filter>
    </ClCompile>
    <ClCompile Include="storage.cpp">
      <Filter>util\core</Filter>
    </ClCompile>
    <ClCompile Include="tests.cpp">
      <Filter>util\core</Filter>
    </ClCompile>
    <ClCompile Include="stats\top.cpp">
      <Filter>util\core</Filter>
    </ClCompile>
    <ClCompile Include="update.cpp">
      <Filter>util\core</Filter>
    </ClCompile>
    <ClCompile Include="..\util\background.cpp">
      <Filter>util\concurrency</Filter>
    </ClCompile>
    <ClCompile Include="..\util\assert_util.cpp">
      <Filter>util\core</Filter>
    </ClCompile>
    <ClCompile Include="..\util\base64.cpp">
      <Filter>util\core</Filter>
    </ClCompile>
    <ClCompile Include="..\util\miniwebserver.cpp">
      <Filter>util\core</Filter>
    </ClCompile>
    <ClCompile Include="..\util\processinfo_win32.cpp">
      <Filter>util\core</Filter>
    </ClCompile>
    <ClCompile Include="..\util\version.cpp">
      <Filter>db</Filter>
    </ClCompile>
    <ClCompile Include="..\pch.cpp">
      <Filter>db</Filter>
    </ClCompile>
    <ClCompile Include="..\s\d_writeback.cpp">
      <Filter>sharding</Filter>
    </ClCompile>
    <ClCompile Include="..\s\d_state.cpp">
      <Filter>sharding</Filter>
    </ClCompile>
    <ClCompile Include="..\util\text.cpp">
      <Filter>util\core</Filter>
    </ClCompile>
    <ClCompile Include="geo\2d.cpp">
      <Filter>db\geo</Filter>
    </ClCompile>
    <ClCompile Include="dbcommands_generic.cpp">
      <Filter>db\core</Filter>
    </ClCompile>
    <ClCompile Include="..\s\config.cpp">
      <Filter>sharding</Filter>
    </ClCompile>
    <ClCompile Include="..\s\chunk.cpp">
      <Filter>sharding</Filter>
    </ClCompile>
    <ClCompile Include="..\s\shard.cpp">
      <Filter>sharding</Filter>
    </ClCompile>
    <ClCompile Include="..\s\shardkey.cpp">
      <Filter>sharding</Filter>
    </ClCompile>
    <ClCompile Include="..\client\model.cpp">
      <Filter>client</Filter>
    </ClCompile>
    <ClCompile Include="..\util\stringutils.cpp">
      <Filter>util\core</Filter>
    </ClCompile>
    <ClCompile Include="..\util\concurrency\thread_pool.cpp">
      <Filter>util\concurrency</Filter>
    </ClCompile>
    <ClCompile Include="..\client\distlock.cpp">
      <Filter>client</Filter>
    </ClCompile>
    <ClCompile Include="..\s\d_migrate.cpp">
      <Filter>sharding</Filter>
    </ClCompile>
    <ClCompile Include="..\s\d_split.cpp">
      <Filter>sharding</Filter>
    </ClCompile>
    <ClCompile Include="repl\rs_sync.cpp">
      <Filter>replSets</Filter>
    </ClCompile>
    <ClCompile Include="repl\rs_initialsync.cpp">
      <Filter>replSets</Filter>
    </ClCompile>
    <ClCompile Include="repl\rs_rollback.cpp">
      <Filter>replSets</Filter>
    </ClCompile>
    <ClCompile Include="geo\haystack.cpp">
      <Filter>db\geo</Filter>
    </ClCompile>
    <ClCompile Include="cap.cpp">
      <Filter>db\core</Filter>
    </ClCompile>
    <ClCompile Include="..\util\log.cpp">
      <Filter>util</Filter>
    </ClCompile>
    <ClCompile Include="..\util\processinfo.cpp">
      <Filter>util</Filter>
    </ClCompile>
    <ClCompile Include="restapi.cpp">
      <Filter>db</Filter>
    </ClCompile>
    <ClCompile Include="..\s\grid.cpp" />
    <ClCompile Include="..\shell\mongo_vstudio.cpp">
      <Filter>scripting</Filter>
    </ClCompile>
    <ClCompile Include="..\util\concurrency\spin_lock.cpp" />
  </ItemGroup>
  <ItemGroup>
    <ClInclude Include="repl\rs_config.h">
      <Filter>replSets</Filter>
    </ClInclude>
    <ClInclude Include="repl\health.h">
      <Filter>replSets</Filter>
    </ClInclude>
    <ClInclude Include="..\bson\bsonelement.h">
      <Filter>bson</Filter>
    </ClInclude>
    <ClInclude Include="..\bson\bsontypes.h">
      <Filter>bson</Filter>
    </ClInclude>
    <ClInclude Include="..\bson\bsoninlines.h">
      <Filter>bson</Filter>
    </ClInclude>
    <ClInclude Include="..\bson\bsonmisc.h">
      <Filter>bson</Filter>
    </ClInclude>
    <ClInclude Include="..\bson\bsonobj.h">
      <Filter>bson</Filter>
    </ClInclude>
    <ClInclude Include="..\bson\bsonobjbuilder.h">
      <Filter>bson</Filter>
    </ClInclude>
    <ClInclude Include="..\bson\bsonobjiterator.h">
      <Filter>bson</Filter>
    </ClInclude>
    <ClInclude Include="btree.h">
      <Filter>db\btree</Filter>
    </ClInclude>
    <ClInclude Include="repl\connections.h">
      <Filter>replSets</Filter>
    </ClInclude>
    <ClInclude Include="..\client\connpool.h">
      <Filter>client</Filter>
    </ClInclude>
    <ClInclude Include="..\client\dbclient.h">
      <Filter>client</Filter>
    </ClInclude>
    <ClInclude Include="..\util\mongoutils\html.h">
      <Filter>util\mongoutils</Filter>
    </ClInclude>
    <ClInclude Include="..\util\mongoutils\str.h">
      <Filter>util\mongoutils</Filter>
    </ClInclude>
    <ClInclude Include="..\pcre-7.4\pcre.h">
      <Filter>util\pcre</Filter>
    </ClInclude>
    <ClInclude Include="repl\rsmember.h">
      <Filter>replSets</Filter>
    </ClInclude>
    <ClInclude Include="..\util\concurrency\list.h">
      <Filter>util\concurrency</Filter>
    </ClInclude>
    <ClInclude Include="..\util\concurrency\value.h">
      <Filter>util\concurrency</Filter>
    </ClInclude>
    <ClInclude Include="..\client\dbclientcursor.h">
      <Filter>client</Filter>
    </ClInclude>
    <ClInclude Include="..\client\gridfs.h">
      <Filter>client</Filter>
    </ClInclude>
    <ClInclude Include="..\client\parallel.h">
      <Filter>client</Filter>
    </ClInclude>
    <ClInclude Include="..\util\concurrency\task.h">
      <Filter>util\concurrency</Filter>
    </ClInclude>
    <ClInclude Include="repl\multicmd.h">
      <Filter>replSets</Filter>
    </ClInclude>
    <ClInclude Include="..\util\concurrency\msg.h">
      <Filter>util\concurrency</Filter>
    </ClInclude>
    <ClInclude Include="..\util\concurrency\mutex.h">
      <Filter>util\concurrency</Filter>
    </ClInclude>
    <ClInclude Include="stats\counters.h">
      <Filter>stats</Filter>
    </ClInclude>
    <ClInclude Include="stats\snapshots.h">
      <Filter>stats</Filter>
    </ClInclude>
    <ClInclude Include="stats\top.h">
      <Filter>stats</Filter>
    </ClInclude>
    <ClInclude Include="..\util\concurrency\rwlock.h">
      <Filter>util\concurrency</Filter>
    </ClInclude>
    <ClInclude Include="..\util\concurrency\mvar.h">
      <Filter>util\concurrency</Filter>
    </ClInclude>
    <ClInclude Include="..\util\concurrency\thread_pool.h">
      <Filter>util\concurrency</Filter>
    </ClInclude>
    <ClInclude Include="..\scripting\v8_db.h">
      <Filter>scripting</Filter>
    </ClInclude>
    <ClInclude Include="..\scripting\v8_wrapper.h">
      <Filter>scripting</Filter>
    </ClInclude>
    <ClInclude Include="..\scripting\v8_utils.h">
      <Filter>scripting</Filter>
    </ClInclude>
    <ClInclude Include="..\scripting\engine.h">
      <Filter>scripting</Filter>
    </ClInclude>
    <ClInclude Include="..\scripting\engine_spidermonkey.h">
      <Filter>scripting</Filter>
    </ClInclude>
    <ClInclude Include="..\scripting\engine_v8.h">
      <Filter>scripting</Filter>
    </ClInclude>
    <ClInclude Include="..\client\syncclusterconnection.h">
      <Filter>client</Filter>
    </ClInclude>
    <ClInclude Include="repl\rs_optime.h">
      <Filter>replSets</Filter>
    </ClInclude>
    <ClInclude Include="repl\rs.h">
      <Filter>replSets</Filter>
    </ClInclude>
    <ClInclude Include="..\util\optime.h">
      <Filter>repl_old</Filter>
    </ClInclude>
    <ClInclude Include="clientcursor.h">
      <Filter>db\core</Filter>
    </ClInclude>
    <ClInclude Include="..\util\embedded_builder.h">
      <Filter>util\core</Filter>
    </ClInclude>
    <ClInclude Include="..\util\debug_util.h">
      <Filter>util\core</Filter>
    </ClInclude>
    <ClInclude Include="diskloc.h">
      <Filter>db\storage engine</Filter>
    </ClInclude>
    <ClInclude Include="..\util\hashtab.h">
      <Filter>util\core</Filter>
    </ClInclude>
    <ClInclude Include="..\util\file.h">
      <Filter>util\core</Filter>
    </ClInclude>
    <ClInclude Include="..\util\file_allocator.h">
      <Filter>util\core</Filter>
    </ClInclude>
    <ClInclude Include="..\util\goodies.h">
      <Filter>util\core</Filter>
    </ClInclude>
    <ClInclude Include="..\util\hostandport.h">
      <Filter>util\core</Filter>
    </ClInclude>
    <ClInclude Include="..\util\hex.h">
      <Filter>util\core</Filter>
    </ClInclude>
    <ClInclude Include="..\util\web\html.h">
      <Filter>util\core</Filter>
    </ClInclude>
    <ClInclude Include="..\util\httpclient.h">
      <Filter>util\core</Filter>
    </ClInclude>
    <ClInclude Include="..\util\log.h">
      <Filter>util\core</Filter>
    </ClInclude>
    <ClInclude Include="..\util\md5.h">
      <Filter>util\core</Filter>
    </ClInclude>
    <ClInclude Include="..\util\md5.hpp">
      <Filter>util\core</Filter>
    </ClInclude>
    <ClInclude Include="..\util\message.h">
      <Filter>util\core</Filter>
    </ClInclude>
    <ClInclude Include="..\util\message_server.h">
      <Filter>util\core</Filter>
    </ClInclude>
    <ClInclude Include="..\util\mmap.h">
      <Filter>util\core</Filter>
    </ClInclude>
    <ClInclude Include="..\client\model.h">
      <Filter>client</Filter>
    </ClInclude>
    <ClInclude Include="namespace.h">
      <Filter>db\core</Filter>
    </ClInclude>
    <ClInclude Include="..\util\ntservice.h">
      <Filter>util\core</Filter>
    </ClInclude>
    <ClInclude Include="..\bson\oid.h">
      <Filter>bson</Filter>
    </ClInclude>
    <ClInclude Include="..\bson\ordering.h">
      <Filter>bson</Filter>
    </ClInclude>
    <ClInclude Include="pdfile.h">
      <Filter>db\core</Filter>
    </ClInclude>
    <ClInclude Include="..\grid\protocol.h">
      <Filter>db\core</Filter>
    </ClInclude>
    <ClInclude Include="query.h">
      <Filter>db\core</Filter>
    </ClInclude>
    <ClInclude Include="queryoptimizer.h">
      <Filter>db\core</Filter>
    </ClInclude>
    <ClInclude Include="..\util\queue.h">
      <Filter>db\core</Filter>
    </ClInclude>
    <ClInclude Include="..\util\ramstore.h">
      <Filter>db\storage engine</Filter>
    </ClInclude>
    <ClInclude Include="recstore.h">
      <Filter>db\storage engine</Filter>
    </ClInclude>
    <ClInclude Include="rec.h">
      <Filter>db\storage engine</Filter>
    </ClInclude>
    <ClInclude Include="reccache.h">
      <Filter>db\storage engine</Filter>
    </ClInclude>
    <ClInclude Include="reci.h">
      <Filter>db\storage engine</Filter>
    </ClInclude>
    <ClInclude Include="repl.h">
      <Filter>repl_old</Filter>
    </ClInclude>
    <ClInclude Include="replpair.h">
      <Filter>repl_old</Filter>
    </ClInclude>
    <ClInclude Include="..\util\sock.h">
      <Filter>util\core</Filter>
    </ClInclude>
    <ClInclude Include="..\client\redef_macros.h">
      <Filter>util\core</Filter>
    </ClInclude>
    <ClInclude Include="update.h">
      <Filter>util\core</Filter>
    </ClInclude>
    <ClInclude Include="resource.h">
      <Filter>util\core</Filter>
    </ClInclude>
    <ClInclude Include="scanandorder.h">
      <Filter>util\core</Filter>
    </ClInclude>
    <ClInclude Include="security.h">
      <Filter>util\core</Filter>
    </ClInclude>
    <ClInclude Include="..\targetver.h">
      <Filter>util\core</Filter>
    </ClInclude>
    <ClInclude Include="..\client\undef_macros.h">
      <Filter>util\core</Filter>
    </ClInclude>
    <ClInclude Include="..\util\unittest.h">
      <Filter>util\core</Filter>
    </ClInclude>
    <ClInclude Include="..\util\background.h">
      <Filter>util\concurrency</Filter>
    </ClInclude>
    <ClInclude Include="..\util\ramlog.h">
      <Filter>util\core</Filter>
    </ClInclude>
    <ClInclude Include="..\util\allocator.h">
      <Filter>util\core</Filter>
    </ClInclude>
    <ClInclude Include="..\util\array.h">
      <Filter>util\core</Filter>
    </ClInclude>
    <ClInclude Include="..\util\assert_util.h">
      <Filter>util\core</Filter>
    </ClInclude>
    <ClInclude Include="..\util\base64.h">
      <Filter>util\core</Filter>
    </ClInclude>
    <ClInclude Include="..\util\builder.h">
      <Filter>util\core</Filter>
    </ClInclude>
    <ClInclude Include="..\util\lruishmap.h">
      <Filter>util\core</Filter>
    </ClInclude>
    <ClInclude Include="..\util\miniwebserver.h">
      <Filter>util\core</Filter>
    </ClInclude>
    <ClInclude Include="..\util\processinfo.h">
      <Filter>util\core</Filter>
    </ClInclude>
    <ClInclude Include="..\pch.h">
      <Filter>db</Filter>
    </ClInclude>
    <ClInclude Include="..\util\text.h">
      <Filter>util\core</Filter>
    </ClInclude>
    <ClInclude Include="geo\core.h">
      <Filter>db\geo</Filter>
    </ClInclude>
    <ClInclude Include="..\client\distlock.h">
      <Filter>client</Filter>
    </ClInclude>
    <ClInclude Include="..\s\d_logic.h">
      <Filter>sharding</Filter>
    </ClInclude>
    <ClInclude Include="oplogreader.h">
      <Filter>repl_old</Filter>
    </ClInclude>
    <ClInclude Include="background.h">
      <Filter>db\core\h</Filter>
    </ClInclude>
    <ClInclude Include="client.h">
      <Filter>db\core\h</Filter>
    </ClInclude>
    <ClInclude Include="cmdline.h">
      <Filter>db\core\h</Filter>
    </ClInclude>
    <ClInclude Include="commands.h">
      <Filter>db\core\h</Filter>
    </ClInclude>
    <ClInclude Include="concurrency.h">
      <Filter>db\core\h</Filter>
    </ClInclude>
    <ClInclude Include="curop.h">
      <Filter>db\core\h</Filter>
    </ClInclude>
    <ClInclude Include="cursor.h">
      <Filter>db\core\h</Filter>
    </ClInclude>
    <ClInclude Include="database.h">
      <Filter>db\core\h</Filter>
    </ClInclude>
    <ClInclude Include="db.h">
      <Filter>db\core\h</Filter>
    </ClInclude>
    <ClInclude Include="dbhelpers.h">
      <Filter>db\core\h</Filter>
    </ClInclude>
    <ClInclude Include="dbinfo.h">
      <Filter>db\core\h</Filter>
    </ClInclude>
    <ClInclude Include="..\pcre-7.4\config.h">
      <Filter>db\core\h</Filter>
    </ClInclude>
    <ClInclude Include="dbmessage.h">
      <Filter>db\core\h</Filter>
    </ClInclude>
    <ClInclude Include="helpers\dblogger.h">
      <Filter>db\core\h</Filter>
    </ClInclude>
    <ClInclude Include="instance.h">
      <Filter>db\core\h</Filter>
    </ClInclude>
    <ClInclude Include="indexkey.h">
      <Filter>db\core\h</Filter>
    </ClInclude>
    <ClInclude Include="index.h">
      <Filter>db\core\h</Filter>
    </ClInclude>
    <ClInclude Include="jsobj.h">
      <Filter>db\core\h</Filter>
    </ClInclude>
    <ClInclude Include="introspect.h">
      <Filter>db\core\h</Filter>
    </ClInclude>
    <ClInclude Include="json.h">
      <Filter>db\core\h</Filter>
    </ClInclude>
    <ClInclude Include="lasterror.h">
      <Filter>db\core\h</Filter>
    </ClInclude>
    <ClInclude Include="matcher.h">
      <Filter>db\core\h</Filter>
    </ClInclude>
    <ClInclude Include="namespace-inl.h">
      <Filter>db\core\h</Filter>
    </ClInclude>
  </ItemGroup>
  <ItemGroup>
    <Filter Include="libs">
      <UniqueIdentifier>{4b29c82d-d30a-4bf1-9c78-19f59c5777ba}</UniqueIdentifier>
    </Filter>
    <Filter Include="util">
      <UniqueIdentifier>{d2c3db88-7fb7-4365-a63b-b7ad45d316ae}</UniqueIdentifier>
    </Filter>
    <Filter Include="util\concurrency">
      <UniqueIdentifier>{8e6fe846-2833-45bb-b13b-c0f0d4d38593}</UniqueIdentifier>
    </Filter>
    <Filter Include="util\mongoutils">
      <UniqueIdentifier>{cc5d96e6-1805-422b-804d-adcb367dc721}</UniqueIdentifier>
    </Filter>
    <Filter Include="util\pcre">
      <UniqueIdentifier>{fa527226-9b03-4f17-8e4c-80d31fb1e449}</UniqueIdentifier>
    </Filter>
    <Filter Include="client">
      <UniqueIdentifier>{932baf83-ba80-49e5-8280-f1b9c8dbbde6}</UniqueIdentifier>
    </Filter>
    <Filter Include="stats">
      <UniqueIdentifier>{88f4374a-9d55-44a2-a234-c758cc4affa9}</UniqueIdentifier>
    </Filter>
    <Filter Include="db">
      <UniqueIdentifier>{6204f40e-3a9c-44e2-a88b-0e1b6fd9a510}</UniqueIdentifier>
    </Filter>
    <Filter Include="db\btree">
      <UniqueIdentifier>{37b238b2-21ec-4788-bdf9-a59b43490454}</UniqueIdentifier>
    </Filter>
    <Filter Include="scripting">
      <UniqueIdentifier>{6b78f34f-e6b0-49e4-b04e-6478c3a3c077}</UniqueIdentifier>
    </Filter>
    <Filter Include="db\storage engine">
      <UniqueIdentifier>{d565a775-7a99-4860-b25f-441e1655b7c6}</UniqueIdentifier>
    </Filter>
    <Filter Include="db\modules">
      <UniqueIdentifier>{466f15bb-4d5b-4634-ba6b-05a282e0a174}</UniqueIdentifier>
    </Filter>
    <Filter Include="db\core">
      <UniqueIdentifier>{d7f08f93-36bf-49cd-9e1c-ba1fec3234ce}</UniqueIdentifier>
    </Filter>
    <Filter Include="repl_old">
      <UniqueIdentifier>{e899caa1-9a90-4604-ac2e-68d5ca12425c}</UniqueIdentifier>
    </Filter>
    <Filter Include="util\core">
      <UniqueIdentifier>{9775f24c-3a29-4e0d-b5de-991c592cf376}</UniqueIdentifier>
    </Filter>
    <Filter Include="Resource Files">
      <UniqueIdentifier>{9aea1b83-cdcb-48a8-97e6-47805cacdc29}</UniqueIdentifier>
    </Filter>
    <Filter Include="bson">
      <UniqueIdentifier>{aff20a87-2efe-4861-930f-8780c08cbea5}</UniqueIdentifier>
    </Filter>
    <Filter Include="db\geo">
      <UniqueIdentifier>{2a0924a5-9bd9-4c86-a149-0df09dcb5548}</UniqueIdentifier>
    </Filter>
    <Filter Include="sharding">
      <UniqueIdentifier>{03b0d798-b13d-48f4-930d-ca827e2a3f00}</UniqueIdentifier>
    </Filter>
    <Filter Include="replSets">
      <UniqueIdentifier>{3b73f786-d352-446f-a5f5-df49384baf7a}</UniqueIdentifier>
    </Filter>
    <Filter Include="replSets\testing">
      <UniqueIdentifier>{4a1ea357-1077-4ad1-85b4-db48a6e1eb46}</UniqueIdentifier>
    </Filter>
    <Filter Include="db\core\h">
      <UniqueIdentifier>{de119f0e-3d04-429f-b88b-69e28b1e02fd}</UniqueIdentifier>
    </Filter>
  </ItemGroup>
  <ItemGroup>
    <None Include="repl\notes.txt">
      <Filter>replSets</Filter>
    </None>
    <None Include="..\util\mongoutils\README">
      <Filter>util\mongoutils</Filter>
    </None>
    <None Include="..\SConstruct">
      <Filter>db</Filter>
    </None>
    <None Include="mongo.ico">
      <Filter>Resource Files</Filter>
    </None>
    <None Include="..\jstests\replsets\replset_remove_node.js">
      <Filter>replSets\testing</Filter>
    </None>
    <None Include="..\jstests\replsets\replset1.js">
      <Filter>replSets\testing</Filter>
    </None>
    <None Include="..\jstests\replsets\replset2.js">
      <Filter>replSets\testing</Filter>
    </None>
    <None Include="..\jstests\replsets\replset3.js">
      <Filter>replSets\testing</Filter>
    </None>
    <None Include="..\jstests\replsets\replset4.js">
      <Filter>replSets\testing</Filter>
    </None>
    <None Include="..\jstests\replsets\replset5.js">
      <Filter>replSets\testing</Filter>
    </None>
    <None Include="..\jstests\replsets\replsetadd.js">
      <Filter>replSets\testing</Filter>
    </None>
    <None Include="..\jstests\replsets\replsetarb1.js">
      <Filter>replSets\testing</Filter>
    </None>
    <None Include="..\jstests\replsets\replsetarb2.js">
      <Filter>replSets\testing</Filter>
    </None>
    <None Include="..\jstests\replsets\replsetprio1.js">
      <Filter>replSets\testing</Filter>
    </None>
    <None Include="..\jstests\replsets\replsetrestart1.js">
      <Filter>replSets\testing</Filter>
    </None>
    <None Include="..\jstests\replsets\replsetrestart2.js">
      <Filter>replSets\testing</Filter>
    </None>
    <None Include="..\jstests\replsets\rollback.js">
      <Filter>replSets\testing</Filter>
    </None>
    <None Include="..\jstests\replsets\rollback2.js">
      <Filter>replSets\testing</Filter>
    </None>
    <None Include="..\jstests\replsets\sync1.js">
      <Filter>replSets\testing</Filter>
    </None>
    <None Include="..\jstests\replsets\twosets.js">
      <Filter>replSets\testing</Filter>
    </None>
  </ItemGroup>
  <ItemGroup>
    <Library Include="..\..\js\js64r.lib">
      <Filter>libs</Filter>
    </Library>
    <Library Include="..\..\js\js32d.lib">
      <Filter>libs</Filter>
    </Library>
    <Library Include="..\..\js\js32r.lib">
      <Filter>libs</Filter>
    </Library>
    <Library Include="..\..\js\js64d.lib">
      <Filter>libs</Filter>
    </Library>
  </ItemGroup>
  <ItemGroup>
    <ResourceCompile Include="db.rc">
      <Filter>Resource Files</Filter>
    </ResourceCompile>
  </ItemGroup>
</Project>