<?xml version="1.0" encoding="utf-8"?>
<Project ToolsVersion="4.0" xmlns="http://schemas.microsoft.com/developer/msbuild/2003">
  <ItemGroup>
    <Filter Include="Source Files">
      <UniqueIdentifier>{4FC737F1-C7A5-4376-A066-2A32D752A2FF}</UniqueIdentifier>
      <Extensions>cpp;c;cc;cxx;def;odl;idl;hpj;bat;asm;asmx</Extensions>
    </Filter>
    <Filter Include="Header Files">
      <UniqueIdentifier>{93995380-89BD-4b04-88EB-625FBE52EBFB}</UniqueIdentifier>
      <Extensions>h;hpp;hxx;hm;inl;inc;xsd</Extensions>
    </Filter>
    <Filter Include="libs_etc">
      <UniqueIdentifier>{17d48ddf-5c49-4dfd-bafa-16d5fed290cd}</UniqueIdentifier>
    </Filter>
    <Filter Include="client">
      <UniqueIdentifier>{b4f6635b-8c64-4ceb-8077-43203533d0b9}</UniqueIdentifier>
    </Filter>
    <Filter Include="Boost">
      <UniqueIdentifier>{085b6c08-2d59-488c-84b7-faa9ed25e52b}</UniqueIdentifier>
    </Filter>
    <Filter Include="db">
      <UniqueIdentifier>{9d496e60-e10c-4d45-8915-80c234717dc7}</UniqueIdentifier>
    </Filter>
    <Filter Include="util">
      <UniqueIdentifier>{d08f4a77-9bb7-4b65-a06c-51897035d247}</UniqueIdentifier>
    </Filter>
    <Filter Include="scripting">
      <UniqueIdentifier>{b03462cc-a469-4caa-bc20-6f21012e7fb1}</UniqueIdentifier>
    </Filter>
    <Filter Include="db\pipeline">
      <UniqueIdentifier>{1383d122-b2f5-467c-b0f6-f9996478ef1b}</UniqueIdentifier>
    </Filter>
    <Filter Include="db\commands">
      <UniqueIdentifier>{62919fc7-d409-49db-9347-e91a42819cbe}</UniqueIdentifier>
    </Filter>
    <Filter Include="db\stats">
      <UniqueIdentifier>{31ff5b60-10f2-4571-887b-ee03ad4cf2d7}</UniqueIdentifier>
    </Filter>
    <Filter Include="bson">
      <UniqueIdentifier>{82f52cf2-da7c-48fb-a1db-4dc831e2b02f}</UniqueIdentifier>
    </Filter>
    <Filter Include="util\net">
      <UniqueIdentifier>{66b212ea-af06-4ff9-bc89-ca6df5601e61}</UniqueIdentifier>
    </Filter>
    <Filter Include="util\concurrency">
      <UniqueIdentifier>{8166efd5-124c-452e-acc4-36a98dcdb972}</UniqueIdentifier>
    </Filter>
  </ItemGroup>
  <ItemGroup>
    <ClCompile Include="balance.cpp">
      <Filter>Source Files</Filter>
    </ClCompile>
    <ClCompile Include="chunk.cpp">
      <Filter>Source Files</Filter>
    </ClCompile>
    <ClCompile Include="commands_admin.cpp">
      <Filter>Source Files</Filter>
    </ClCompile>
    <ClCompile Include="commands_public.cpp">
      <Filter>Source Files</Filter>
    </ClCompile>
    <ClCompile Include="config.cpp">
      <Filter>Source Files</Filter>
    </ClCompile>
    <ClCompile Include="config_migrate.cpp">
      <Filter>Source Files</Filter>
    </ClCompile>
    <ClCompile Include="cursors.cpp">
      <Filter>Source Files</Filter>
    </ClCompile>
    <ClCompile Include="..\db\queryutil.cpp">
      <Filter>Source Files</Filter>
    </ClCompile>
    <ClCompile Include="request.cpp">
      <Filter>Source Files</Filter>
    </ClCompile>
    <ClCompile Include="s_only.cpp">
      <Filter>Source Files</Filter>
    </ClCompile>
    <ClCompile Include="server.cpp">
      <Filter>Source Files</Filter>
    </ClCompile>
    <ClCompile Include="shard.cpp">
      <Filter>Source Files</Filter>
    </ClCompile>
    <ClCompile Include="shardkey.cpp">
      <Filter>Source Files</Filter>
    </ClCompile>
    <ClCompile Include="stats.cpp">
      <Filter>Source Files</Filter>
    </ClCompile>
    <ClCompile Include="strategy.cpp">
      <Filter>Source Files</Filter>
    </ClCompile>
    <ClCompile Include="strategy_shard.cpp">
      <Filter>Source Files</Filter>
    </ClCompile>
    <ClCompile Include="strategy_single.cpp">
      <Filter>Source Files</Filter>
    </ClCompile>
    <ClCompile Include="..\scripting\utils.cpp">
      <Filter>Source Files</Filter>
    </ClCompile>
    <ClCompile Include="..\client\dbclient.cpp">
      <Filter>client</Filter>
    </ClCompile>
    <ClCompile Include="..\client\dbclientcursor.cpp">
      <Filter>client</Filter>
    </ClCompile>
    <ClCompile Include="..\client\model.cpp">
      <Filter>client</Filter>
    </ClCompile>
    <ClCompile Include="..\pch.cpp">
      <Filter>Source Files</Filter>
    </ClCompile>
    <ClCompile Include="shardconnection.cpp">
      <Filter>Source Files</Filter>
    </ClCompile>
    <ClCompile Include="balancer_policy.cpp">
      <Filter>Source Files</Filter>
    </ClCompile>
    <ClCompile Include="grid.cpp">
      <Filter>Source Files</Filter>
    </ClCompile>
    <ClCompile Include="..\util\processinfo.cpp">
      <Filter>Source Files</Filter>
    </ClCompile>
    <ClCompile Include="..\util\concurrency\task.cpp">
      <Filter>Source Files</Filter>
    </ClCompile>
    <ClCompile Include="writeback_listener.cpp">
      <Filter>Source Files</Filter>
    </ClCompile>
    <ClCompile Include="shard_version.cpp">
      <Filter>Source Files</Filter>
    </ClCompile>
    <ClCompile Include="..\util\concurrency\spin_lock.cpp">
      <Filter>Source Files</Filter>
    </ClCompile>
    <ClCompile Include="..\client\dbclient_rs.cpp">
      <Filter>client</Filter>
    </ClCompile>
    <ClCompile Include="client.cpp">
      <Filter>Source Files</Filter>
    </ClCompile>
    <ClCompile Include="..\db\security_common.cpp">
      <Filter>Source Files</Filter>
    </ClCompile>
    <ClCompile Include="security.cpp">
      <Filter>Source Files</Filter>
    </ClCompile>
    <ClCompile Include="..\util\net\miniwebserver.cpp">
      <Filter>Source Files</Filter>
    </ClCompile>
    <ClCompile Include="..\..\third_party\pcre-8.30\pcrecpp.cc">
      <Filter>Source Files</Filter>
    </ClCompile>
    <ClCompile Include="..\..\third_party\pcre-8.30\pcre_chartables.c">
      <Filter>Source Files</Filter>
    </ClCompile>
    <ClCompile Include="..\..\third_party\pcre-8.30\pcre_compile.c">
      <Filter>Source Files</Filter>
    </ClCompile>
    <ClCompile Include="..\..\third_party\pcre-8.30\pcre_config.c">
      <Filter>Source Files</Filter>
    </ClCompile>
    <ClCompile Include="..\..\third_party\pcre-8.30\pcre_dfa_exec.c">
      <Filter>Source Files</Filter>
    </ClCompile>
    <ClCompile Include="..\..\third_party\pcre-8.30\pcre_exec.c">
      <Filter>Source Files</Filter>
    </ClCompile>
    <ClCompile Include="..\..\third_party\pcre-8.30\pcre_fullinfo.c">
      <Filter>Source Files</Filter>
    </ClCompile>
    <ClCompile Include="..\..\third_party\pcre-8.30\pcre_get.c">
      <Filter>Source Files</Filter>
    </ClCompile>
    <ClCompile Include="..\..\third_party\pcre-8.30\pcre_globals.c">
      <Filter>Source Files</Filter>
    </ClCompile>
    <ClCompile Include="..\..\third_party\pcre-8.30\pcre_maketables.c">
      <Filter>Source Files</Filter>
    </ClCompile>
    <ClCompile Include="..\..\third_party\pcre-8.30\pcre_newline.c">
      <Filter>Source Files</Filter>
    </ClCompile>
    <ClCompile Include="..\..\third_party\pcre-8.30\pcre_ord2utf8.c">
      <Filter>Source Files</Filter>
    </ClCompile>
    <ClCompile Include="..\..\third_party\pcre-8.30\pcre_refcount.c">
      <Filter>Source Files</Filter>
    </ClCompile>
    <ClCompile Include="..\..\third_party\pcre-8.30\pcre_scanner.cc">
      <Filter>Source Files</Filter>
    </ClCompile>
    <ClCompile Include="..\..\third_party\pcre-8.30\pcre_stringpiece.cc">
      <Filter>Source Files</Filter>
    </ClCompile>
    <ClCompile Include="..\..\third_party\pcre-8.30\pcre_study.c">
      <Filter>Source Files</Filter>
    </ClCompile>
    <ClCompile Include="..\..\third_party\pcre-8.30\pcre_tables.c">
      <Filter>Source Files</Filter>
    </ClCompile>
    <ClCompile Include="..\..\third_party\pcre-8.30\pcre_valid_utf8.c">
      <Filter>Source Files</Filter>
    </ClCompile>
    <ClCompile Include="..\..\third_party\pcre-8.30\pcre_version.c">
      <Filter>Source Files</Filter>
    </ClCompile>
    <ClCompile Include="..\..\third_party\pcre-8.30\pcre_xclass.c">
      <Filter>Source Files</Filter>
    </ClCompile>
    <ClCompile Include="..\..\third_party\pcre-8.30\pcreposix.c">
      <Filter>Source Files</Filter>
    </ClCompile>
    <ClCompile Include="..\util\net\message_port.cpp">
      <Filter>Source Files</Filter>
    </ClCompile>
    <ClCompile Include="..\util\net\message_server_port.cpp">
      <Filter>Source Files</Filter>
    </ClCompile>
    <ClCompile Include="..\util\net\sock.cpp">
      <Filter>Source Files</Filter>
    </ClCompile>
    <ClCompile Include="..\db\security_commands.cpp">
      <Filter>Source Files</Filter>
    </ClCompile>
    <ClInclude Include="gridconfig.h">
      <Filter>Header Files</Filter>
    </ClInclude>
    <ClInclude Include="griddatabase.h">
      <Filter>Header Files</Filter>
    </ClInclude>
    <ClInclude Include="shard.h">
      <Filter>Header Files</Filter>
    </ClInclude>
    <ClInclude Include="strategy.h">
      <Filter>Header Files</Filter>
    </ClInclude>
    <ClInclude Include="..\client\connpool.h">
      <Filter>client</Filter>
    </ClInclude>
    <ClInclude Include="..\client\dbclient.h">
      <Filter>client</Filter>
    </ClInclude>
    <ClInclude Include="..\client\model.h">
      <Filter>client</Filter>
    </ClInclude>
    <ClInclude Include="balancer_policy.h">
      <Filter>Source Files</Filter>
    </ClInclude>
    <ClInclude Include="grid.h">
      <Filter>Source Files</Filter>
    </ClInclude>
    <ClInclude Include="writeback_listener.h">
      <Filter>Source Files</Filter>
    </ClInclude>
    <ClInclude Include="balance.h">
      <Filter>Source Files</Filter>
    </ClInclude>
    <ClInclude Include="chunk.h">
      <Filter>Source Files</Filter>
    </ClInclude>
    <ClInclude Include="client.h">
      <Filter>Source Files</Filter>
    </ClInclude>
    <ClInclude Include="config.h">
      <Filter>Source Files</Filter>
    </ClInclude>
    <ClInclude Include="cursors.h">
      <Filter>Source Files</Filter>
    </ClInclude>
    <ClInclude Include="d_chunk_manager.h">
      <Filter>Source Files</Filter>
    </ClInclude>
    <ClInclude Include="d_logic.h">
      <Filter>Source Files</Filter>
    </ClInclude>
    <ClInclude Include="d_writeback.h">
      <Filter>Source Files</Filter>
    </ClInclude>
    <ClInclude Include="request.h">
      <Filter>Source Files</Filter>
    </ClInclude>
    <ClInclude Include="server.h">
      <Filter>Source Files</Filter>
    </ClInclude>
    <ClInclude Include="shard_version.h">
      <Filter>Source Files</Filter>
    </ClInclude>
    <ClInclude Include="shardkey.h">
      <Filter>Source Files</Filter>
    </ClInclude>
    <ClInclude Include="stats.h">
      <Filter>Source Files</Filter>
    </ClInclude>
    <ClInclude Include="util.h">
      <Filter>Source Files</Filter>
    </ClInclude>
    <ClCompile Include="interrupt_status_mongos.cpp">
      <Filter>Source Files</Filter>
    </ClCompile>
    <ClCompile Include="..\client\distlock.cpp">
      <Filter>client</Filter>
    </ClCompile>
    <ClCompile Include="..\..\third_party\pcre-8.30\pcre_ucd.c">
      <Filter>Source Files</Filter>
    </ClCompile>
    <ClCompile Include="..\..\third_party\boost\libs\program_options\src\cmdline.cpp">
      <Filter>Boost</Filter>
    </ClCompile>
    <ClCompile Include="..\..\third_party\boost\libs\program_options\src\winmain.cpp">
      <Filter>Boost</Filter>
    </ClCompile>
    <ClCompile Include="..\..\third_party\boost\libs\filesystem\v3\src\codecvt_error_category.cpp">
      <Filter>Boost</Filter>
    </ClCompile>
    <ClCompile Include="..\..\third_party\boost\libs\program_options\src\config_file.cpp">
      <Filter>Boost</Filter>
    </ClCompile>
    <ClCompile Include="..\..\third_party\boost\libs\program_options\src\convert.cpp">
      <Filter>Boost</Filter>
    </ClCompile>
    <ClCompile Include="..\..\third_party\boost\libs\system\src\error_code.cpp">
      <Filter>Boost</Filter>
    </ClCompile>
    <ClCompile Include="..\..\third_party\boost\libs\filesystem\v3\src\operations.cpp">
      <Filter>Boost</Filter>
    </ClCompile>
    <ClCompile Include="..\..\third_party\boost\libs\program_options\src\options_description.cpp">
      <Filter>Boost</Filter>
    </ClCompile>
    <ClCompile Include="..\..\third_party\boost\libs\program_options\src\parsers.cpp">
      <Filter>Boost</Filter>
    </ClCompile>
    <ClCompile Include="..\..\third_party\boost\libs\filesystem\v3\src\path.cpp">
      <Filter>Boost</Filter>
    </ClCompile>
    <ClCompile Include="..\..\third_party\boost\libs\filesystem\v3\src\path_traits.cpp">
      <Filter>Boost</Filter>
    </ClCompile>
    <ClCompile Include="..\..\third_party\boost\libs\filesystem\v3\src\portability.cpp">
      <Filter>Boost</Filter>
    </ClCompile>
    <ClCompile Include="..\..\third_party\boost\libs\program_options\src\positional_options.cpp">
      <Filter>Boost</Filter>
    </ClCompile>
    <ClCompile Include="..\..\third_party\boost\libs\program_options\src\split.cpp">
      <Filter>Boost</Filter>
    </ClCompile>
    <ClCompile Include="..\..\third_party\boost\libs\thread\src\win32\thread.cpp">
      <Filter>Boost</Filter>
    </ClCompile>
    <ClCompile Include="..\..\third_party\boost\libs\thread\src\win32\tss_dll.cpp">
      <Filter>Boost</Filter>
    </ClCompile>
    <ClCompile Include="..\..\third_party\boost\libs\thread\src\win32\tss_pe.cpp">
      <Filter>Boost</Filter>
    </ClCompile>
    <ClCompile Include="..\..\third_party\boost\libs\filesystem\v3\src\unique_path.cpp">
      <Filter>Boost</Filter>
    </ClCompile>
    <ClCompile Include="..\..\third_party\boost\libs\filesystem\v3\src\utf8_codecvt_facet.cpp">
      <Filter>Boost</Filter>
    </ClCompile>
    <ClCompile Include="..\..\third_party\boost\libs\program_options\src\utf8_codecvt_facet.cpp">
      <Filter>Boost</Filter>
    </ClCompile>
    <ClCompile Include="..\..\third_party\boost\libs\filesystem\v2\src\v2_operations.cpp">
      <Filter>Boost</Filter>
    </ClCompile>
    <ClCompile Include="..\..\third_party\boost\libs\filesystem\v2\src\v2_path.cpp">
      <Filter>Boost</Filter>
    </ClCompile>
    <ClCompile Include="..\..\third_party\boost\libs\filesystem\v2\src\v2_portability.cpp">
      <Filter>Boost</Filter>
    </ClCompile>
    <ClCompile Include="..\..\third_party\boost\libs\program_options\src\value_semantic.cpp">
      <Filter>Boost</Filter>
    </ClCompile>
    <ClCompile Include="..\..\third_party\boost\libs\program_options\src\variables_map.cpp">
      <Filter>Boost</Filter>
    </ClCompile>
    <ClCompile Include="..\..\third_party\boost\libs\filesystem\v3\src\windows_file_codecvt.cpp">
      <Filter>Boost</Filter>
    </ClCompile>
    <ClCompile Include="..\util\alignedbuilder.cpp">
      <Filter>util</Filter>
    </ClCompile>
    <ClCompile Include="..\util\assert_util.cpp">
      <Filter>util</Filter>
    </ClCompile>
    <ClCompile Include="..\util\background.cpp">
      <Filter>util</Filter>
    </ClCompile>
    <ClCompile Include="..\util\base64.cpp">
      <Filter>util</Filter>
    </ClCompile>
    <ClCompile Include="..\scripting\bench.cpp">
      <Filter>scripting</Filter>
    </ClCompile>
    <ClCompile Include="..\db\cmdline.cpp">
      <Filter>db</Filter>
    </ClCompile>
    <ClCompile Include="..\db\commands.cpp">
      <Filter>db</Filter>
    </ClCompile>
    <ClCompile Include="..\db\common.cpp">
      <Filter>db</Filter>
    </ClCompile>
    <ClCompile Include="..\client\connpool.cpp">
      <Filter>client</Filter>
    </ClCompile>
    <ClCompile Include="..\db\dbcommands_generic.cpp">
      <Filter>db</Filter>
    </ClCompile>
    <ClCompile Include="..\db\dbmessage.cpp">
      <Filter>db</Filter>
    </ClCompile>
    <ClCompile Include="..\db\dbwebserver.cpp">
      <Filter>db</Filter>
    </ClCompile>
    <ClCompile Include="..\util\debug_util.cpp">
      <Filter>util</Filter>
    </ClCompile>
    <ClCompile Include="..\scripting\engine.cpp">
      <Filter>scripting</Filter>
    </ClCompile>
    <ClCompile Include="..\scripting\engine_spidermonkey.cpp">
      <Filter>scripting</Filter>
    </ClCompile>
    <ClCompile Include="..\db\pipeline\accumulator.cpp">
      <Filter>db\pipeline</Filter>
    </ClCompile>
    <ClCompile Include="..\db\pipeline\accumulator_add_to_set.cpp">
      <Filter>db\pipeline</Filter>
    </ClCompile>
    <ClCompile Include="..\db\pipeline\accumulator_avg.cpp">
      <Filter>db\pipeline</Filter>
    </ClCompile>
    <ClCompile Include="..\db\pipeline\accumulator_first.cpp">
      <Filter>db\pipeline</Filter>
    </ClCompile>
    <ClCompile Include="..\db\pipeline\accumulator_last.cpp">
      <Filter>db\pipeline</Filter>
    </ClCompile>
    <ClCompile Include="..\db\pipeline\accumulator_min_max.cpp">
      <Filter>db\pipeline</Filter>
    </ClCompile>
    <ClCompile Include="..\db\pipeline\accumulator_push.cpp">
      <Filter>db\pipeline</Filter>
    </ClCompile>
    <ClCompile Include="..\db\pipeline\accumulator_single_value.cpp">
      <Filter>db\pipeline</Filter>
    </ClCompile>
    <ClCompile Include="..\db\pipeline\accumulator_sum.cpp">
      <Filter>db\pipeline</Filter>
    </ClCompile>
    <ClCompile Include="..\db\pipeline\builder.cpp">
      <Filter>db\pipeline</Filter>
    </ClCompile>
    <ClCompile Include="..\db\commands\cloud.cpp">
      <Filter>db\commands</Filter>
    </ClCompile>
    <ClCompile Include="..\db\stats\counters.cpp">
      <Filter>db\stats</Filter>
    </ClCompile>
    <ClCompile Include="..\db\pipeline\dependency_tracker.cpp">
      <Filter>db\pipeline</Filter>
    </ClCompile>
    <ClCompile Include="..\db\pipeline\doc_mem_monitor.cpp">
      <Filter>db\pipeline</Filter>
    </ClCompile>
    <ClCompile Include="..\db\pipeline\document.cpp">
      <Filter>db\pipeline</Filter>
    </ClCompile>
    <ClCompile Include="..\db\pipeline\document_source.cpp">
      <Filter>db\pipeline</Filter>
    </ClCompile>
    <ClCompile Include="..\db\pipeline\document_source_bson_array.cpp">
      <Filter>db\pipeline</Filter>
    </ClCompile>
    <ClCompile Include="..\db\pipeline\document_source_command_futures.cpp">
      <Filter>db\pipeline</Filter>
    </ClCompile>
    <ClCompile Include="..\db\pipeline\document_source_filter.cpp">
      <Filter>db\pipeline</Filter>
    </ClCompile>
    <ClCompile Include="..\db\pipeline\document_source_filter_base.cpp">
      <Filter>db\pipeline</Filter>
    </ClCompile>
    <ClCompile Include="..\db\pipeline\document_source_group.cpp">
      <Filter>db\pipeline</Filter>
    </ClCompile>
    <ClCompile Include="..\db\pipeline\document_source_limit.cpp">
      <Filter>db\pipeline</Filter>
    </ClCompile>
    <ClCompile Include="..\db\pipeline\document_source_match.cpp">
      <Filter>db\pipeline</Filter>
    </ClCompile>
    <ClCompile Include="..\db\pipeline\document_source_out.cpp">
      <Filter>db\pipeline</Filter>
    </ClCompile>
    <ClCompile Include="..\db\pipeline\document_source_project.cpp">
      <Filter>db\pipeline</Filter>
    </ClCompile>
    <ClCompile Include="..\db\pipeline\document_source_skip.cpp">
      <Filter>db\pipeline</Filter>
    </ClCompile>
    <ClCompile Include="..\db\pipeline\document_source_sort.cpp">
      <Filter>db\pipeline</Filter>
    </ClCompile>
    <ClCompile Include="..\db\pipeline\document_source_unwind.cpp">
      <Filter>db\pipeline</Filter>
    </ClCompile>
    <ClCompile Include="..\db\pipeline\expression.cpp">
      <Filter>db\pipeline</Filter>
    </ClCompile>
    <ClCompile Include="..\db\pipeline\expression_context.cpp">
      <Filter>db\pipeline</Filter>
    </ClCompile>
    <ClCompile Include="..\db\indexkey.cpp">
      <Filter>db</Filter>
    </ClCompile>
    <ClCompile Include="..\util\intrusive_counter.cpp">
      <Filter>util</Filter>
    </ClCompile>
    <ClCompile Include="..\db\jsobj.cpp">
      <Filter>db</Filter>
    </ClCompile>
    <ClCompile Include="..\db\json.cpp">
      <Filter>db</Filter>
    </ClCompile>
    <ClCompile Include="..\db\lasterror.cpp">
      <Filter>db</Filter>
    </ClCompile>
    <ClCompile Include="..\util\log.cpp">
      <Filter>util</Filter>
    </ClCompile>
    <ClCompile Include="..\db\matcher.cpp">
      <Filter>db</Filter>
    </ClCompile>
    <ClCompile Include="..\util\md5.cpp">
      <Filter>util</Filter>
    </ClCompile>
    <ClCompile Include="..\util\md5main.cpp">
      <Filter>util</Filter>
    </ClCompile>
    <ClCompile Include="..\shell\mongo.cpp">
      <Filter>scripting</Filter>
    </ClCompile>
    <ClCompile Include="..\db\nonce.cpp">
      <Filter>db</Filter>
    </ClCompile>
    <ClCompile Include="..\util\ntservice.cpp">
      <Filter>util</Filter>
    </ClCompile>
    <ClCompile Include="..\bson\oid.cpp">
      <Filter>bson</Filter>
    </ClCompile>
    <ClCompile Include="..\client\parallel.cpp">
      <Filter>client</Filter>
    </ClCompile>
    <ClCompile Include="..\util\processinfo_win32.cpp">
      <Filter>util</Filter>
    </ClCompile>
    <ClCompile Include="..\db\projection.cpp">
      <Filter>db</Filter>
    </ClCompile>
    <ClCompile Include="..\db\querypattern.cpp">
      <Filter>db</Filter>
    </ClCompile>
    <ClCompile Include="..\util\ramlog.cpp">
      <Filter>util</Filter>
    </ClCompile>
    <ClCompile Include="..\util\signal_handlers.cpp">
      <Filter>util</Filter>
    </ClCompile>
    <ClCompile Include="..\util\stacktrace.cpp">
      <Filter>util</Filter>
    </ClCompile>
    <ClCompile Include="..\util\startup_test.cpp">
      <Filter>util</Filter>
    </ClCompile>
    <ClCompile Include="..\util\stringutils.cpp">
      <Filter>util</Filter>
    </ClCompile>
    <ClCompile Include="..\client\syncclusterconnection.cpp">
      <Filter>client</Filter>
    </ClCompile>
    <ClCompile Include="..\util\systeminfo_win32.cpp">
      <Filter>util</Filter>
    </ClCompile>
    <ClCompile Include="..\util\text.cpp">
      <Filter>util</Filter>
    </ClCompile>
    <ClCompile Include="..\util\timer.cpp">
      <Filter>util</Filter>
    </ClCompile>
    <ClCompile Include="..\util\trace.cpp">
      <Filter>util</Filter>
    </ClCompile>
    <ClCompile Include="..\util\util.cpp">
      <Filter>util</Filter>
    </ClCompile>
    <ClCompile Include="..\util\version.cpp">
      <Filter>util</Filter>
    </ClCompile>
    <ClCompile Include="..\db\pipeline\field_path.cpp">
      <Filter>db\pipeline</Filter>
    </ClCompile>
    <ClCompile Include="..\db\commands\pipeline.cpp">
      <Filter>db\commands</Filter>
    </ClCompile>
    <ClCompile Include="..\db\stats\top.cpp">
      <Filter>db\stats</Filter>
    </ClCompile>
    <ClCompile Include="..\db\pipeline\value.cpp">
      <Filter>db\pipeline</Filter>
    </ClCompile>
    <ClCompile Include="..\util\net\listen.cpp">
      <Filter>util\net</Filter>
    </ClCompile>
    <ClCompile Include="..\util\net\message.cpp">
      <Filter>util\net</Filter>
    </ClCompile>
    <ClCompile Include="..\util\concurrency\rwlockimpl.cpp">
      <Filter>util\concurrency</Filter>
    </ClCompile>
    <ClCompile Include="..\util\concurrency\thread_pool.cpp">
      <Filter>util\concurrency</Filter>
    </ClCompile>
    <ClCompile Include="..\util\concurrency\vars.cpp">
      <Filter>util\concurrency</Filter>
    </ClCompile>
  </ItemGroup>
  <ItemGroup>
    <Library Include="..\..\..\..\js\js32d.lib">
      <Filter>libs_etc</Filter>
    </Library>
    <Library Include="..\..\..\..\js\js32r.lib">
      <Filter>libs_etc</Filter>
    </Library>
    <Library Include="..\..\..\..\js\js64d.lib">
      <Filter>libs_etc</Filter>
    </Library>
    <Library Include="..\..\..\..\js\js64r.lib">
      <Filter>libs_etc</Filter>
    </Library>
  </ItemGroup>
  <ItemGroup>
    <ClInclude Include="interrupt_status_mongos.h">
      <Filter>Source Files</Filter>
    </ClInclude>
    <ClInclude Include="..\util\background.h">
      <Filter>util</Filter>
    </ClInclude>
    <ClInclude Include="..\db\commands.h">
      <Filter>db</Filter>
    </ClInclude>
    <ClInclude Include="..\db\dbmessage.h">
      <Filter>db</Filter>
    </ClInclude>
    <ClInclude Include="..\..\third_party\pcre-8.30\config.h">
      <Filter>libs_etc</Filter>
    </ClInclude>
    <ClInclude Include="..\util\goodies.h">
      <Filter>util</Filter>
    </ClInclude>
    <ClInclude Include="..\db\jsobj.h">
      <Filter>db</Filter>
    </ClInclude>
    <ClInclude Include="..\db\json.h">
      <Filter>db</Filter>
    </ClInclude>
    <ClInclude Include="..\util\ntservice.h">
      <Filter>util</Filter>
    </ClInclude>
    <ClInclude Include="..\pch.h" />
    <ClInclude Include="..\..\third_party\pcre-8.30\pcre.h">
      <Filter>libs_etc</Filter>
    </ClInclude>
    <ClInclude Include="..\util\processinfo.h">
      <Filter>util</Filter>
    </ClInclude>
    <ClInclude Include="..\db\projection.h">
      <Filter>db</Filter>
    </ClInclude>
    <ClInclude Include="..\util\stacktrace.h">
      <Filter>util</Filter>
    </ClInclude>
    <ClInclude Include="..\util\timer-win32-inl.h">
      <Filter>util</Filter>
    </ClInclude>
    <ClInclude Include="..\util\timer.h">
      <Filter>util</Filter>
    </ClInclude>
    <ClInclude Include="..\util\version.h">
      <Filter>util</Filter>
    </ClInclude>
    <ClInclude Include="..\db\pipeline\accumulator.h">
      <Filter>db\pipeline</Filter>
    </ClInclude>
    <ClInclude Include="..\db\pipeline\builder.h">
      <Filter>db\pipeline</Filter>
    </ClInclude>
    <ClInclude Include="..\db\pipeline\dependency_tracker.h">
      <Filter>db\pipeline</Filter>
    </ClInclude>
    <ClInclude Include="..\db\pipeline\doc_mem_monitor.h">
      <Filter>db\pipeline</Filter>
    </ClInclude>
    <ClInclude Include="..\db\pipeline\document.h">
      <Filter>db\pipeline</Filter>
    </ClInclude>
    <ClInclude Include="..\db\pipeline\document_source.h">
      <Filter>db\pipeline</Filter>
    </ClInclude>
    <ClInclude Include="..\db\pipeline\expression.h">
      <Filter>db\pipeline</Filter>
    </ClInclude>
    <ClInclude Include="..\db\pipeline\expression_context.h">
      <Filter>db\pipeline</Filter>
    </ClInclude>
    <ClInclude Include="..\db\interrupt_status.h">
      <Filter>db</Filter>
    </ClInclude>
    <ClInclude Include="..\util\intrusive_counter.h">
      <Filter>util</Filter>
    </ClInclude>
    <ClInclude Include="..\util\signal_handlers.h">
      <Filter>util</Filter>
    </ClInclude>
    <ClInclude Include="..\util\systeminfo.h">
      <Filter>util</Filter>
    </ClInclude>
    <ClInclude Include="..\util\trace.h">
      <Filter>util</Filter>
    </ClInclude>
    <ClInclude Include="..\db\pipeline\field_path.h">
      <Filter>db\pipeline</Filter>
    </ClInclude>
    <ClInclude Include="..\db\commands\pipeline.h">
      <Filter>db\commands</Filter>
    </ClInclude>
    <ClInclude Include="..\db\pipeline\value.h">
      <Filter>db\pipeline</Filter>
    </ClInclude>
    <ClInclude Include="..\util\concurrency\remap_lock.h">
      <Filter>util\concurrency</Filter>
    </ClInclude>
    <ClInclude Include="..\util\concurrency\rwlockimpl.h">
      <Filter>util\concurrency</Filter>
    </ClInclude>
    <ClInclude Include="..\util\concurrency\simplerwlock.h">
      <Filter>util\concurrency</Filter>
    </ClInclude>
  </ItemGroup>
</Project>